
Microsoft Visual Studio Solution File, Format Version 12.00
# Visual Studio Version 16
VisualStudioVersion = 16.0.30320.27
MinimumVisualStudioVersion = 10.0.40219.1
Project("{2150E333-8FDC-42A3-9474-1A3956D46DE8}") = "Src", "Src", "{8054B6C0-6C7A-4E6F-AEF6-18D0C939E876}"
EndProject
Project("{2150E333-8FDC-42A3-9474-1A3956D46DE8}") = "Example", "Example", "{56E9F989-C37D-4381-AD7E-4C041DC2F240}"
EndProject
Project("{2150E333-8FDC-42A3-9474-1A3956D46DE8}") = "Config", "Config", "{2BBC5F05-C437-4116-9EAA-ACA02BE07F2A}"
	ProjectSection(SolutionItems) = preProject
		.gitignore = .gitignore
	EndProjectSection
EndProject
Project("{9A19103F-16F7-4668-BE54-9A1E7A4F7556}") = "Example.WpfApp", "Example\Example.WpfApp\Example.WpfApp.csproj", "{797CFC9C-5C94-43B9-9C3F-3E010E75862C}"
EndProject
Project("{9A19103F-16F7-4668-BE54-9A1E7A4F7556}") = "Example.Web", "Example\Example.Web\Example.Web.csproj", "{42F77FD7-FDB2-4C8B-8604-D1B48F421C56}"
EndProject
Project("{9A19103F-16F7-4668-BE54-9A1E7A4F7556}") = "Example.ConsoleApp", "Example\ExampleDemo\Example.ConsoleApp\Example.ConsoleApp.csproj", "{8AE2F9E1-89A3-4BB5-92CC-905DAC67D240}"
EndProject
Project("{9A19103F-16F7-4668-BE54-9A1E7A4F7556}") = "Utility.Demo", "Example\Utility.Demo\Utility.Demo.csproj", "{53D93492-ED00-492C-B1D2-2BE6D99E1648}"
EndProject
Project("{9A19103F-16F7-4668-BE54-9A1E7A4F7556}") = "Crawl.Plugin", "..\..\other\csharp\src\Crawl.Plugin\Crawl.Plugin.csproj", "{24310765-009E-4D99-B2D1-BF73181C33B6}"
EndProject
Project("{2150E333-8FDC-42A3-9474-1A3956D46DE8}") = "Abp.Shop", "Abp.Shop", "{DC382A9C-0461-4738-ACE9-98D22F2AC348}"
EndProject
Project("{9A19103F-16F7-4668-BE54-9A1E7A4F7556}") = "Shop.Api", "..\..\shop\Shop-for-netcore\Shop.Api\Shop.Api.csproj", "{BDBC2248-F7CE-434A-B9C2-371392A97C7D}"
EndProject
Project("{9A19103F-16F7-4668-BE54-9A1E7A4F7556}") = "Shop.Application", "..\..\shop\Shop-for-netcore\Shop.Application\Shop.Application.csproj", "{0F91EDBD-6667-4FAF-BDEF-628038DB0AA2}"
EndProject
Project("{FAE04EC0-301F-11D3-BF4B-00C04F79EFBC}") = "Shop.NetApi", "..\..\shop\Shop-for-netcore\Shop.NetApi\Shop.NetApi.csproj", "{846E44F8-13AA-4074-9D1C-A0524E68F81B}"
EndProject
Project("{9A19103F-16F7-4668-BE54-9A1E7A4F7556}") = "Shop.Wpf", "..\..\shop\Shop-for-netcore\Shop.Wpf\Shop.Wpf.csproj", "{28CC4671-0A58-431C-9F0A-C0921A1B753F}"
EndProject
Project("{9A19103F-16F7-4668-BE54-9A1E7A4F7556}") = "Shop.Xunit", "..\..\shop\Shop-for-netcore\Shop.Xunit\Shop.Xunit.csproj", "{27303B27-DB67-4C70-9956-134E20F3B938}"
EndProject
Project("{2150E333-8FDC-42A3-9474-1A3956D46DE8}") = "App", "App", "{44994A7E-9DC7-4D51-9256-6BFBFB6D53B9}"
EndProject
Project("{9A19103F-16F7-4668-BE54-9A1E7A4F7556}") = "App", "Example\App\App\App.csproj", "{D7FB1526-FA97-4A92-8AE7-AAA79FF9B0FD}"
EndProject
Project("{FAE04EC0-301F-11D3-BF4B-00C04F79EFBC}") = "App.Android", "Example\App\App.Android\App.Android.csproj", "{030C3A3D-E6F8-4347-9E2E-0AD0DD72EE95}"
EndProject
Project("{FAE04EC0-301F-11D3-BF4B-00C04F79EFBC}") = "App.iOS", "Example\App\App.iOS\App.iOS.csproj", "{311BDB6D-6321-46C5-90C4-D1628465AB4B}"
EndProject
Project("{9A19103F-16F7-4668-BE54-9A1E7A4F7556}") = "Web", "..\..\admin\Admin-for-net\Web\Web.csproj", "{AAD1619B-2360-4C2E-B230-2CF4EE358104}"
EndProject
Project("{9A19103F-16F7-4668-BE54-9A1E7A4F7556}") = "Admin.Wpf", "..\..\admin\Admin-for-net\Admin.Wpf\src\Admin.Wpf\Admin.Wpf.csproj", "{A68F37C1-34E9-494C-A69A-0485D9EEBE4D}"
EndProject
Project("{2150E333-8FDC-42A3-9474-1A3956D46DE8}") = "Python", "Python", "{E792A10B-8DF3-493B-9661-EB464349C8A3}"
EndProject
Project("{888888A0-9F3D-457C-B088-3A5042F75D52}") = "DjangoWeb", "..\..\shop\Shop-for-django\DjangoWeb.pyproj", "{876A99A7-7A44-48C9-9AE9-9E2159CF5C98}"
EndProject
Project("{888888A0-9F3D-457C-B088-3A5042F75D52}") = "shop-for-flask", "..\..\shop\Shop-for-flask\shop-for-flask.pyproj", "{F596CF90-6FD5-405E-802E-E38DEC50431A}"
EndProject
Project("{888888A0-9F3D-457C-B088-3A5042F75D52}") = "utility", "..\Utility-for-python\utility.pyproj", "{C2B4BF9C-9415-488F-87E3-BDBA093301D8}"
EndProject
Project("{FAE04EC0-301F-11D3-BF4B-00C04F79EFBC}") = "Example.Net.Web", "Example\Example.Net.Web\Example.Net.Web.csproj", "{B394E240-410E-4636-BF41-29D231346235}"
EndProject
Project("{9A19103F-16F7-4668-BE54-9A1E7A4F7556}") = "SocialContact.Api.Demo", "Example\SocialContact.Net\SocialContact.Api.Demo\SocialContact.Api.Demo.csproj", "{C0D3237E-B265-4627-9D04-0B3351FD975A}"
EndProject
Project("{2150E333-8FDC-42A3-9474-1A3956D46DE8}") = "Orleans", "Orleans", "{C0A112C0-B865-4F81-B80D-E77326F2B205}"
EndProject
Project("{9A19103F-16F7-4668-BE54-9A1E7A4F7556}") = "Template.Api", "..\..\shop\Shop-for-netcore\Template.Api\Template.Api.csproj", "{DA13688F-6DC8-49C7-9D0D-246B671237F2}"
EndProject
Project("{2150E333-8FDC-42A3-9474-1A3956D46DE8}") = "Utility", "Utility", "{B48F34FE-E65D-4F93-8C33-E25C56832B4E}"
EndProject
Project("{2150E333-8FDC-42A3-9474-1A3956D46DE8}") = "Shared", "Shared", "{5D942223-9D52-4C0B-8973-6C22A02D9A2E}"
EndProject
Project("{2150E333-8FDC-42A3-9474-1A3956D46DE8}") = "Orm", "Orm", "{B4EF7159-BD44-4A7E-BF9F-9561B5CA0C43}"
EndProject
Project("{D954291E-2A0B-460D-934E-DC6B0785DB48}") = "Utility.AspNet.RegisterService.Shared", "Shared\Utility.AspNet.RegisterService.Shared\Utility.AspNet.RegisterService.Shared.shproj", "{943793FF-0DB2-4B70-879F-7EBF6C425759}"
EndProject
Project("{D954291E-2A0B-460D-934E-DC6B0785DB48}") = "Utility.NHibernate.Shared", "Shared\Utility.NHibernate.Shared\Utility.NHibernate.Shared.shproj", "{4F16DBE9-F2C0-4283-A0EB-26AEF9CB41FB}"
EndProject
Project("{D954291E-2A0B-460D-934E-DC6B0785DB48}") = "Utility.RegisterService.Shared", "Shared\Utility.RegisterService.Shared\Utility.RegisterService.Shared.shproj", "{6943C6B1-3EA8-4582-8CD2-EC76D900D373}"
EndProject
Project("{D954291E-2A0B-460D-934E-DC6B0785DB48}") = "Utility.Shared", "Shared\Utility.Shared\Utility.Shared.shproj", "{8FA75A51-A3BF-4ADD-A256-FFC889D02582}"
EndProject
Project("{D954291E-2A0B-460D-934E-DC6B0785DB48}") = "Utility.Simple.Shared", "Shared\Utility.Simple.Shared\Utility.Simple.Shared.shproj", "{C947A847-0107-42CA-A2A6-AC64EC83164D}"
EndProject
Project("{D954291E-2A0B-460D-934E-DC6B0785DB48}") = "Utility.Web.Json.Shared", "Shared\Utility.Web.Json.Shared\Utility.Web.Json.Shared.shproj", "{17676C87-41CF-4F9D-A91E-F8EA2DB3BB64}"
EndProject
Project("{9A19103F-16F7-4668-BE54-9A1E7A4F7556}") = "Utility.Db", "Utility.Db\Utility.Db.csproj", "{AF1A67E5-9371-4B25-B742-4BE3036FA130}"
EndProject
Project("{9A19103F-16F7-4668-BE54-9A1E7A4F7556}") = "Utility.Ef", "Utility.Ef\Utility.Ef.csproj", "{648335FD-0D7B-43C8-9459-CC542A71BFF4}"
EndProject
Project("{9A19103F-16F7-4668-BE54-9A1E7A4F7556}") = "Utility.Ef.Simple", "Utility.Ef.Simple\Utility.Ef.Simple.csproj", "{75EACA72-B282-41F6-8A85-57B5712A983F}"
EndProject
Project("{9A19103F-16F7-4668-BE54-9A1E7A4F7556}") = "Utility.EnterpriseLibrary", "Utility.EnterpriseLibrary\Utility.EnterpriseLibrary.csproj", "{49C6C85C-2295-44E6-8A09-555C64C7F95A}"
EndProject
Project("{9A19103F-16F7-4668-BE54-9A1E7A4F7556}") = "Utility", "Utility\Utility.csproj", "{979E5964-63F7-49AC-B56F-81E14150B191}"
EndProject
Project("{9A19103F-16F7-4668-BE54-9A1E7A4F7556}") = "Utility.AspNet.Simple", "Utility.AspNet.Simple\Utility.AspNet.Simple.csproj", "{A9AF7330-3685-4AFD-B5E2-920961099849}"
EndProject
Project("{9A19103F-16F7-4668-BE54-9A1E7A4F7556}") = "Utility.HealthChecks", "Utility.HealthChecks\Utility.HealthChecks.csproj", "{D640D4C2-0F23-43DA-9189-1C40F8A5895B}"
EndProject
Project("{9A19103F-16F7-4668-BE54-9A1E7A4F7556}") = "Utility.IdentityServer4", "Utility.IdentityServer4\Utility.IdentityServer4.csproj", "{ED816AA8-2FF6-4C22-9845-71B099A15763}"
EndProject
Project("{9A19103F-16F7-4668-BE54-9A1E7A4F7556}") = "Utility.Log", "Utility.Log\Utility.Log.csproj", "{0EFB31F8-2BEE-4FBB-AC2D-B9493BE289E5}"
EndProject
Project("{9A19103F-16F7-4668-BE54-9A1E7A4F7556}") = "Utility.Message", "Utility.Message\Utility.Message.csproj", "{E09DE548-EA15-4429-8D12-AEFB826EE64D}"
EndProject
Project("{9A19103F-16F7-4668-BE54-9A1E7A4F7556}") = "Utility.Oos", "Utility.Oos\Utility.Oos.csproj", "{0C67D98C-8B2A-45F7-9F96-D695F343C37E}"
EndProject
Project("{9A19103F-16F7-4668-BE54-9A1E7A4F7556}") = "Utility.Poi", "Utility.Poi\Utility.Poi.csproj", "{88579DE7-C9CA-46D6-B9CC-9C33E5E70AD0}"
EndProject
Project("{9A19103F-16F7-4668-BE54-9A1E7A4F7556}") = "Utility.RegisterService", "Utility.RegisterService\Utility.RegisterService.csproj", "{F1BEF971-553A-4FE0-A691-1DAB5CF5D368}"
EndProject
Project("{9A19103F-16F7-4668-BE54-9A1E7A4F7556}") = "Utility.Wpf.Simple", "Utility.Wpf.Simple\Utility.Wpf.Simple.csproj", "{7D2D1B19-B4DF-4D1F-AFFA-68FFF3C1F51C}"
EndProject
Project("{9A19103F-16F7-4668-BE54-9A1E7A4F7556}") = "Utility.Wpf", "Utility.Wpf\Utility.Wpf.csproj", "{394D4980-A7D0-4F52-BA87-9AC757074A24}"
EndProject
Project("{9A19103F-16F7-4668-BE54-9A1E7A4F7556}") = "Utility.WinForm", "Utility.WinForm\Utility.WinForm.csproj", "{58CE7995-8B5C-4F23-94C9-636DCEB3F5F7}"
EndProject
Project("{2150E333-8FDC-42A3-9474-1A3956D46DE8}") = "Test", "Test", "{4EDE2DAF-0D8A-4914-A5E1-7C8CC93BE3D9}"
EndProject
Project("{9A19103F-16F7-4668-BE54-9A1E7A4F7556}") = "Utility.XUnit", "Test\Utility.XUnit\Utility.XUnit.csproj", "{98CE4753-06D4-4A1E-AA7B-B4C44029899C}"
EndProject
Project("{9A19103F-16F7-4668-BE54-9A1E7A4F7556}") = "Utility.Simple.NUnit", "Test\Utility.Simple.NUnit\Utility.Simple.NUnit.csproj", "{89724145-C439-4FEF-8334-BAD6E88FEAF5}"
EndProject
Project("{9A19103F-16F7-4668-BE54-9A1E7A4F7556}") = "Utility.Nhibernate.Test", "Test\Utility.Nhibernate.Test\Utility.Nhibernate.Test.csproj", "{786982DF-46A4-41B2-B142-EB53DAD531E7}"
EndProject
Project("{9A19103F-16F7-4668-BE54-9A1E7A4F7556}") = "Utility.Simple", "Utility.Simple\Utility.Simple.csproj", "{1B9BBAF1-AF23-4192-B65C-7A6917076C79}"
EndProject
Project("{9A19103F-16F7-4668-BE54-9A1E7A4F7556}") = "Utility.Nhibernate.Simple", "Utility.Nhibernate.Simple\Utility.Nhibernate.Simple.csproj", "{74C559DF-9A5C-4FCC-BDF3-D8E34F7B493A}"
EndProject
Project("{9A19103F-16F7-4668-BE54-9A1E7A4F7556}") = "Utility.Generator", "..\..\shop\Shop-for-netcore\Utility.Generator\Utility.Generator.csproj", "{F5A45D8C-1056-4778-AC6D-74EFEA76E078}"
EndProject
Project("{9A19103F-16F7-4668-BE54-9A1E7A4F7556}") = "Utility.NoSql", "Utility.NoSql\Utility.NoSql.csproj", "{47D4CEF4-606C-4266-BD59-D3BAF885B5C2}"
EndProject
Project("{9A19103F-16F7-4668-BE54-9A1E7A4F7556}") = "Utility.Orleans.Interfaces", "Example\Orleans\Utility.Orleans.Interfaces\Utility.Orleans.Interfaces.csproj", "{5E71C81F-384C-4ADE-A30E-21F0F95176E6}"
EndProject
Project("{9A19103F-16F7-4668-BE54-9A1E7A4F7556}") = "Utility.Orleans.Grains", "Example\Orleans\Utility.Orleans.Grains\Utility.Orleans.Grains.csproj", "{E6A7517C-7A8A-414B-90ED-E5B01B92353D}"
EndProject
Project("{9A19103F-16F7-4668-BE54-9A1E7A4F7556}") = "Utility.Orleans.SiloHost", "Example\Orleans\Utility.Orleans.SiloHost\Utility.Orleans.SiloHost.csproj", "{8B8A1C47-7BB3-4DA2-989E-2A652A9C9FEB}"
EndProject
Project("{9A19103F-16F7-4668-BE54-9A1E7A4F7556}") = "Utility.Orleans.Client", "Example\Orleans\Utility.Orleans.Client\Utility.Orleans.Client.csproj", "{0D706AEF-9AC9-4C2F-8CD0-7E125A138F70}"
EndProject
Project("{9A19103F-16F7-4668-BE54-9A1E7A4F7556}") = "Shop.Infrastructure", "..\..\shop\Shop-for-netcore\Shop.Infrastructure\Shop.Infrastructure.csproj", "{423E9FE0-7835-44B5-A334-CA4FF8F215BD}"
EndProject
Project("{9A19103F-16F7-4668-BE54-9A1E7A4F7556}") = "Shop.Core", "..\..\shop\Shop-for-netcore\Shop.Core\Shop.Core.csproj", "{777068A6-56FD-47BA-A812-97421FC06BE7}"
EndProject
Project("{9A19103F-16F7-4668-BE54-9A1E7A4F7556}") = "Example.Web.EdgeDriverTest", "Example\Example.Web.EdgeDriverTest\Example.Web.EdgeDriverTest.csproj", "{B254AAA1-7D82-480A-986E-6F59951EC5F8}"
EndProject
Project("{9A19103F-16F7-4668-BE54-9A1E7A4F7556}") = "Example.WinForm", "Example\Example.WinForm\Example.WinForm.csproj", "{4884166C-C2B0-44C9-9A5A-CA26E651FC3C}"
EndProject
Project("{9A19103F-16F7-4668-BE54-9A1E7A4F7556}") = "Utility.Net.Demo.Interfaces", "Example\Utility.Net.Demo.Interfaces\Utility.Net.Demo.Interfaces.csproj", "{BD089910-5BCB-4413-A5DE-3764F69453D3}"
EndProject
Project("{FAE04EC0-301F-11D3-BF4B-00C04F79EFBC}") = "Utility.Net.Demo.Client", "Example\Utility.Net.Demo.Client\Utility.Net.Demo.Client.csproj", "{C8083D76-D513-4743-B718-2DD2869CCE4D}"
EndProject
Project("{9A19103F-16F7-4668-BE54-9A1E7A4F7556}") = "Utility.Net.Demo.Server", "Example\Utility.Net.Demo.Server\Utility.Net.Demo.Server.csproj", "{F1B72641-925E-434A-8175-A1917D0C863B}"
EndProject
Project("{9A19103F-16F7-4668-BE54-9A1E7A4F7556}") = "Utility.Core.Demo", "Example\Utility.Core.Demo\Utility.Core.Demo.csproj", "{6DB50E62-9936-4CAC-B049-3FB417EA755E}"
EndProject
Project("{9A19103F-16F7-4668-BE54-9A1E7A4F7556}") = "Utility.Ef.Demo", "Example\Utility.Ef.Demo\Utility.Ef.Demo.csproj", "{43D854EA-08AC-4122-AE20-1403A0F92514}"
EndProject
Project("{9A19103F-16F7-4668-BE54-9A1E7A4F7556}") = "Utility.GrpcClient.Demo", "Example\Utility.GrpcClient.Demo\Utility.GrpcClient.Demo.csproj", "{3EAB0EFB-4130-4CF4-A045-7D2F5A26255A}"
EndProject
Project("{9A19103F-16F7-4668-BE54-9A1E7A4F7556}") = "Utility.GrpcService.Demo", "Example\Utility.GrpcService.Demo\Utility.GrpcService.Demo.csproj", "{6BA1E42D-FDE5-461D-8F4E-5CC4A3299896}"
EndProject
Project("{9A19103F-16F7-4668-BE54-9A1E7A4F7556}") = "Utility.Dapper.Simple", "Utility.Dapper.Simple\Utility.Dapper.Simple.csproj", "{73E0ADEC-18CC-42BE-A179-5F0EFB56FC67}"
EndProject
Project("{888888A0-9F3D-457C-B088-3A5042F75D52}") = "BottleWeb", "..\..\other\python\BottleWeb\BottleWeb.pyproj", "{B152967E-40CD-4FE3-BCD9-5E5F8845F6F9}"
EndProject
Project("{9A19103F-16F7-4668-BE54-9A1E7A4F7556}") = "ApiGateways", "Example\ApiGateways\ApiGateways.csproj", "{CF126778-4789-4E8A-BF53-CEEB9372C6C7}"
EndProject
Project("{9A19103F-16F7-4668-BE54-9A1E7A4F7556}") = "Abp.ZeroCore.NHibernate", "..\..\shop\Shop-for-netcore\Abp.ZeroCore.NHibernate\Abp.ZeroCore.NHibernate.csproj", "{8F27896B-1246-4BAB-BC1B-C201F24D6B68}"
EndProject
Project("{9A19103F-16F7-4668-BE54-9A1E7A4F7556}") = "EventCloud.Api", "..\..\shop\Shop-for-netcore\EventCloud.Api\EventCloud.Api.csproj", "{A17EEB12-957B-4631-8996-2C4743923F8A}"
EndProject
Global
	GlobalSection(SharedMSBuildProjectFiles) = preSolution
		Shared\Utility.Web.Json.Shared\Utility.Web.Json.Shared.projitems*{17676c87-41cf-4f9d-a91e-f8ea2db3bb64}*SharedItemsImports = 13
		Shared\Utility.Simple.Shared\Utility.Simple.Shared.projitems*{1b9bbaf1-af23-4192-b65c-7a6917076c79}*SharedItemsImports = 5
		Shared\Utility.NHibernate.Shared\Utility.NHibernate.Shared.projitems*{423e9fe0-7835-44b5-a334-ca4ff8f215bd}*SharedItemsImports = 5
		Shared\Utility.NHibernate.Shared\Utility.NHibernate.Shared.projitems*{4f16dbe9-f2c0-4283-a0eb-26aef9cb41fb}*SharedItemsImports = 13
		shared\Utility.RegisterService.Shared\Utility.RegisterService.Shared.projitems*{6943c6b1-3ea8-4582-8cd2-ec76d900d373}*SharedItemsImports = 13
		Shared\Utility.NHibernate.Shared\Utility.NHibernate.Shared.projitems*{74c559df-9a5c-4fcc-bdf3-d8e34f7b493a}*SharedItemsImports = 5
		shared\Utility.Shared\Utility.Shared.projitems*{8fa75a51-a3bf-4add-a256-ffc889d02582}*SharedItemsImports = 13
		Shared\Utility.AspNet.RegisterService.Shared\Utility.AspNet.RegisterService.Shared.projitems*{943793ff-0db2-4b70-879f-7ebf6c425759}*SharedItemsImports = 13
		shared\Utility.Shared\Utility.Shared.projitems*{979e5964-63f7-49ac-b56f-81e14150b191}*SharedItemsImports = 5
		Shared\Utility.AspNet.RegisterService.Shared\Utility.AspNet.RegisterService.Shared.projitems*{a9af7330-3685-4afd-b5e2-920961099849}*SharedItemsImports = 5
		Shared\Utility.Web.Json.Shared\Utility.Web.Json.Shared.projitems*{a9af7330-3685-4afd-b5e2-920961099849}*SharedItemsImports = 5
		Shared\Utility.Simple.Shared\Utility.Simple.Shared.projitems*{c947a847-0107-42ca-a2a6-ac64ec83164d}*SharedItemsImports = 13
		Shared\Utility.AspNet.RegisterService.Shared\Utility.AspNet.RegisterService.Shared.projitems*{da13688f-6dc8-49c7-9d0d-246b671237f2}*SharedItemsImports = 5
		Shared\Utility.NHibernate.Shared\Utility.NHibernate.Shared.projitems*{da13688f-6dc8-49c7-9d0d-246b671237f2}*SharedItemsImports = 5
		shared\Utility.RegisterService.Shared\Utility.RegisterService.Shared.projitems*{f1bef971-553a-4fe0-a691-1dab5cf5d368}*SharedItemsImports = 5
	EndGlobalSection
	GlobalSection(SolutionConfigurationPlatforms) = preSolution
		Debug|Any CPU = Debug|Any CPU
		Debug|iPhone = Debug|iPhone
		Debug|iPhoneSimulator = Debug|iPhoneSimulator
		Release|Any CPU = Release|Any CPU
		Release|iPhone = Release|iPhone
		Release|iPhoneSimulator = Release|iPhoneSimulator
	EndGlobalSection
	GlobalSection(ProjectConfigurationPlatforms) = postSolution
		{797CFC9C-5C94-43B9-9C3F-3E010E75862C}.Debug|Any CPU.ActiveCfg = Debug|Any CPU
		{797CFC9C-5C94-43B9-9C3F-3E010E75862C}.Debug|Any CPU.Build.0 = Debug|Any CPU
		{797CFC9C-5C94-43B9-9C3F-3E010E75862C}.Debug|iPhone.ActiveCfg = Debug|Any CPU
		{797CFC9C-5C94-43B9-9C3F-3E010E75862C}.Debug|iPhone.Build.0 = Debug|Any CPU
		{797CFC9C-5C94-43B9-9C3F-3E010E75862C}.Debug|iPhoneSimulator.ActiveCfg = Debug|Any CPU
		{797CFC9C-5C94-43B9-9C3F-3E010E75862C}.Debug|iPhoneSimulator.Build.0 = Debug|Any CPU
		{797CFC9C-5C94-43B9-9C3F-3E010E75862C}.Release|Any CPU.ActiveCfg = Release|Any CPU
		{797CFC9C-5C94-43B9-9C3F-3E010E75862C}.Release|Any CPU.Build.0 = Release|Any CPU
		{797CFC9C-5C94-43B9-9C3F-3E010E75862C}.Release|iPhone.ActiveCfg = Release|Any CPU
		{797CFC9C-5C94-43B9-9C3F-3E010E75862C}.Release|iPhone.Build.0 = Release|Any CPU
		{797CFC9C-5C94-43B9-9C3F-3E010E75862C}.Release|iPhoneSimulator.ActiveCfg = Release|Any CPU
		{797CFC9C-5C94-43B9-9C3F-3E010E75862C}.Release|iPhoneSimulator.Build.0 = Release|Any CPU
		{42F77FD7-FDB2-4C8B-8604-D1B48F421C56}.Debug|Any CPU.ActiveCfg = Debug|Any CPU
		{42F77FD7-FDB2-4C8B-8604-D1B48F421C56}.Debug|Any CPU.Build.0 = Debug|Any CPU
		{42F77FD7-FDB2-4C8B-8604-D1B48F421C56}.Debug|iPhone.ActiveCfg = Debug|Any CPU
		{42F77FD7-FDB2-4C8B-8604-D1B48F421C56}.Debug|iPhone.Build.0 = Debug|Any CPU
		{42F77FD7-FDB2-4C8B-8604-D1B48F421C56}.Debug|iPhoneSimulator.ActiveCfg = Debug|Any CPU
		{42F77FD7-FDB2-4C8B-8604-D1B48F421C56}.Debug|iPhoneSimulator.Build.0 = Debug|Any CPU
		{42F77FD7-FDB2-4C8B-8604-D1B48F421C56}.Release|Any CPU.ActiveCfg = Release|Any CPU
		{42F77FD7-FDB2-4C8B-8604-D1B48F421C56}.Release|Any CPU.Build.0 = Release|Any CPU
		{42F77FD7-FDB2-4C8B-8604-D1B48F421C56}.Release|iPhone.ActiveCfg = Release|Any CPU
		{42F77FD7-FDB2-4C8B-8604-D1B48F421C56}.Release|iPhone.Build.0 = Release|Any CPU
		{42F77FD7-FDB2-4C8B-8604-D1B48F421C56}.Release|iPhoneSimulator.ActiveCfg = Release|Any CPU
		{42F77FD7-FDB2-4C8B-8604-D1B48F421C56}.Release|iPhoneSimulator.Build.0 = Release|Any CPU
		{8AE2F9E1-89A3-4BB5-92CC-905DAC67D240}.Debug|Any CPU.ActiveCfg = Debug|Any CPU
		{8AE2F9E1-89A3-4BB5-92CC-905DAC67D240}.Debug|Any CPU.Build.0 = Debug|Any CPU
		{8AE2F9E1-89A3-4BB5-92CC-905DAC67D240}.Debug|iPhone.ActiveCfg = Debug|Any CPU
		{8AE2F9E1-89A3-4BB5-92CC-905DAC67D240}.Debug|iPhone.Build.0 = Debug|Any CPU
		{8AE2F9E1-89A3-4BB5-92CC-905DAC67D240}.Debug|iPhoneSimulator.ActiveCfg = Debug|Any CPU
		{8AE2F9E1-89A3-4BB5-92CC-905DAC67D240}.Debug|iPhoneSimulator.Build.0 = Debug|Any CPU
		{8AE2F9E1-89A3-4BB5-92CC-905DAC67D240}.Release|Any CPU.ActiveCfg = Release|Any CPU
		{8AE2F9E1-89A3-4BB5-92CC-905DAC67D240}.Release|Any CPU.Build.0 = Release|Any CPU
		{8AE2F9E1-89A3-4BB5-92CC-905DAC67D240}.Release|iPhone.ActiveCfg = Release|Any CPU
		{8AE2F9E1-89A3-4BB5-92CC-905DAC67D240}.Release|iPhone.Build.0 = Release|Any CPU
		{8AE2F9E1-89A3-4BB5-92CC-905DAC67D240}.Release|iPhoneSimulator.ActiveCfg = Release|Any CPU
		{8AE2F9E1-89A3-4BB5-92CC-905DAC67D240}.Release|iPhoneSimulator.Build.0 = Release|Any CPU
		{53D93492-ED00-492C-B1D2-2BE6D99E1648}.Debug|Any CPU.ActiveCfg = Debug|Any CPU
		{53D93492-ED00-492C-B1D2-2BE6D99E1648}.Debug|Any CPU.Build.0 = Debug|Any CPU
		{53D93492-ED00-492C-B1D2-2BE6D99E1648}.Debug|iPhone.ActiveCfg = Debug|Any CPU
		{53D93492-ED00-492C-B1D2-2BE6D99E1648}.Debug|iPhone.Build.0 = Debug|Any CPU
		{53D93492-ED00-492C-B1D2-2BE6D99E1648}.Debug|iPhoneSimulator.ActiveCfg = Debug|Any CPU
		{53D93492-ED00-492C-B1D2-2BE6D99E1648}.Debug|iPhoneSimulator.Build.0 = Debug|Any CPU
		{53D93492-ED00-492C-B1D2-2BE6D99E1648}.Release|Any CPU.ActiveCfg = Release|Any CPU
		{53D93492-ED00-492C-B1D2-2BE6D99E1648}.Release|Any CPU.Build.0 = Release|Any CPU
		{53D93492-ED00-492C-B1D2-2BE6D99E1648}.Release|iPhone.ActiveCfg = Release|Any CPU
		{53D93492-ED00-492C-B1D2-2BE6D99E1648}.Release|iPhone.Build.0 = Release|Any CPU
		{53D93492-ED00-492C-B1D2-2BE6D99E1648}.Release|iPhoneSimulator.ActiveCfg = Release|Any CPU
		{53D93492-ED00-492C-B1D2-2BE6D99E1648}.Release|iPhoneSimulator.Build.0 = Release|Any CPU
		{24310765-009E-4D99-B2D1-BF73181C33B6}.Debug|Any CPU.ActiveCfg = Debug|Any CPU
		{24310765-009E-4D99-B2D1-BF73181C33B6}.Debug|Any CPU.Build.0 = Debug|Any CPU
		{24310765-009E-4D99-B2D1-BF73181C33B6}.Debug|iPhone.ActiveCfg = Debug|Any CPU
		{24310765-009E-4D99-B2D1-BF73181C33B6}.Debug|iPhone.Build.0 = Debug|Any CPU
		{24310765-009E-4D99-B2D1-BF73181C33B6}.Debug|iPhoneSimulator.ActiveCfg = Debug|Any CPU
		{24310765-009E-4D99-B2D1-BF73181C33B6}.Debug|iPhoneSimulator.Build.0 = Debug|Any CPU
		{24310765-009E-4D99-B2D1-BF73181C33B6}.Release|Any CPU.ActiveCfg = Release|Any CPU
		{24310765-009E-4D99-B2D1-BF73181C33B6}.Release|Any CPU.Build.0 = Release|Any CPU
		{24310765-009E-4D99-B2D1-BF73181C33B6}.Release|iPhone.ActiveCfg = Release|Any CPU
		{24310765-009E-4D99-B2D1-BF73181C33B6}.Release|iPhone.Build.0 = Release|Any CPU
		{24310765-009E-4D99-B2D1-BF73181C33B6}.Release|iPhoneSimulator.ActiveCfg = Release|Any CPU
		{24310765-009E-4D99-B2D1-BF73181C33B6}.Release|iPhoneSimulator.Build.0 = Release|Any CPU
		{BDBC2248-F7CE-434A-B9C2-371392A97C7D}.Debug|Any CPU.ActiveCfg = Debug|Any CPU
		{BDBC2248-F7CE-434A-B9C2-371392A97C7D}.Debug|Any CPU.Build.0 = Debug|Any CPU
		{BDBC2248-F7CE-434A-B9C2-371392A97C7D}.Debug|iPhone.ActiveCfg = Debug|Any CPU
		{BDBC2248-F7CE-434A-B9C2-371392A97C7D}.Debug|iPhone.Build.0 = Debug|Any CPU
		{BDBC2248-F7CE-434A-B9C2-371392A97C7D}.Debug|iPhoneSimulator.ActiveCfg = Debug|Any CPU
		{BDBC2248-F7CE-434A-B9C2-371392A97C7D}.Debug|iPhoneSimulator.Build.0 = Debug|Any CPU
		{BDBC2248-F7CE-434A-B9C2-371392A97C7D}.Release|Any CPU.ActiveCfg = Release|Any CPU
		{BDBC2248-F7CE-434A-B9C2-371392A97C7D}.Release|Any CPU.Build.0 = Release|Any CPU
		{BDBC2248-F7CE-434A-B9C2-371392A97C7D}.Release|iPhone.ActiveCfg = Release|Any CPU
		{BDBC2248-F7CE-434A-B9C2-371392A97C7D}.Release|iPhone.Build.0 = Release|Any CPU
		{BDBC2248-F7CE-434A-B9C2-371392A97C7D}.Release|iPhoneSimulator.ActiveCfg = Release|Any CPU
		{BDBC2248-F7CE-434A-B9C2-371392A97C7D}.Release|iPhoneSimulator.Build.0 = Release|Any CPU
		{0F91EDBD-6667-4FAF-BDEF-628038DB0AA2}.Debug|Any CPU.ActiveCfg = Debug|Any CPU
		{0F91EDBD-6667-4FAF-BDEF-628038DB0AA2}.Debug|Any CPU.Build.0 = Debug|Any CPU
		{0F91EDBD-6667-4FAF-BDEF-628038DB0AA2}.Debug|iPhone.ActiveCfg = Debug|Any CPU
		{0F91EDBD-6667-4FAF-BDEF-628038DB0AA2}.Debug|iPhone.Build.0 = Debug|Any CPU
		{0F91EDBD-6667-4FAF-BDEF-628038DB0AA2}.Debug|iPhoneSimulator.ActiveCfg = Debug|Any CPU
		{0F91EDBD-6667-4FAF-BDEF-628038DB0AA2}.Debug|iPhoneSimulator.Build.0 = Debug|Any CPU
		{0F91EDBD-6667-4FAF-BDEF-628038DB0AA2}.Release|Any CPU.ActiveCfg = Release|Any CPU
		{0F91EDBD-6667-4FAF-BDEF-628038DB0AA2}.Release|Any CPU.Build.0 = Release|Any CPU
		{0F91EDBD-6667-4FAF-BDEF-628038DB0AA2}.Release|iPhone.ActiveCfg = Release|Any CPU
		{0F91EDBD-6667-4FAF-BDEF-628038DB0AA2}.Release|iPhone.Build.0 = Release|Any CPU
		{0F91EDBD-6667-4FAF-BDEF-628038DB0AA2}.Release|iPhoneSimulator.ActiveCfg = Release|Any CPU
		{0F91EDBD-6667-4FAF-BDEF-628038DB0AA2}.Release|iPhoneSimulator.Build.0 = Release|Any CPU
		{846E44F8-13AA-4074-9D1C-A0524E68F81B}.Debug|Any CPU.ActiveCfg = Debug|Any CPU
		{846E44F8-13AA-4074-9D1C-A0524E68F81B}.Debug|Any CPU.Build.0 = Debug|Any CPU
		{846E44F8-13AA-4074-9D1C-A0524E68F81B}.Debug|iPhone.ActiveCfg = Debug|Any CPU
		{846E44F8-13AA-4074-9D1C-A0524E68F81B}.Debug|iPhoneSimulator.ActiveCfg = Debug|Any CPU
		{846E44F8-13AA-4074-9D1C-A0524E68F81B}.Release|Any CPU.ActiveCfg = Release|Any CPU
		{846E44F8-13AA-4074-9D1C-A0524E68F81B}.Release|Any CPU.Build.0 = Release|Any CPU
		{846E44F8-13AA-4074-9D1C-A0524E68F81B}.Release|iPhone.ActiveCfg = Release|Any CPU
		{846E44F8-13AA-4074-9D1C-A0524E68F81B}.Release|iPhoneSimulator.ActiveCfg = Release|Any CPU
		{28CC4671-0A58-431C-9F0A-C0921A1B753F}.Debug|Any CPU.ActiveCfg = Debug|Any CPU
		{28CC4671-0A58-431C-9F0A-C0921A1B753F}.Debug|Any CPU.Build.0 = Debug|Any CPU
		{28CC4671-0A58-431C-9F0A-C0921A1B753F}.Debug|iPhone.ActiveCfg = Debug|Any CPU
		{28CC4671-0A58-431C-9F0A-C0921A1B753F}.Debug|iPhone.Build.0 = Debug|Any CPU
		{28CC4671-0A58-431C-9F0A-C0921A1B753F}.Debug|iPhoneSimulator.ActiveCfg = Debug|Any CPU
		{28CC4671-0A58-431C-9F0A-C0921A1B753F}.Debug|iPhoneSimulator.Build.0 = Debug|Any CPU
		{28CC4671-0A58-431C-9F0A-C0921A1B753F}.Release|Any CPU.ActiveCfg = Release|Any CPU
		{28CC4671-0A58-431C-9F0A-C0921A1B753F}.Release|Any CPU.Build.0 = Release|Any CPU
		{28CC4671-0A58-431C-9F0A-C0921A1B753F}.Release|iPhone.ActiveCfg = Release|Any CPU
		{28CC4671-0A58-431C-9F0A-C0921A1B753F}.Release|iPhone.Build.0 = Release|Any CPU
		{28CC4671-0A58-431C-9F0A-C0921A1B753F}.Release|iPhoneSimulator.ActiveCfg = Release|Any CPU
		{28CC4671-0A58-431C-9F0A-C0921A1B753F}.Release|iPhoneSimulator.Build.0 = Release|Any CPU
		{27303B27-DB67-4C70-9956-134E20F3B938}.Debug|Any CPU.ActiveCfg = Debug|Any CPU
		{27303B27-DB67-4C70-9956-134E20F3B938}.Debug|Any CPU.Build.0 = Debug|Any CPU
		{27303B27-DB67-4C70-9956-134E20F3B938}.Debug|iPhone.ActiveCfg = Debug|Any CPU
		{27303B27-DB67-4C70-9956-134E20F3B938}.Debug|iPhone.Build.0 = Debug|Any CPU
		{27303B27-DB67-4C70-9956-134E20F3B938}.Debug|iPhoneSimulator.ActiveCfg = Debug|Any CPU
		{27303B27-DB67-4C70-9956-134E20F3B938}.Debug|iPhoneSimulator.Build.0 = Debug|Any CPU
		{27303B27-DB67-4C70-9956-134E20F3B938}.Release|Any CPU.ActiveCfg = Release|Any CPU
		{27303B27-DB67-4C70-9956-134E20F3B938}.Release|Any CPU.Build.0 = Release|Any CPU
		{27303B27-DB67-4C70-9956-134E20F3B938}.Release|iPhone.ActiveCfg = Release|Any CPU
		{27303B27-DB67-4C70-9956-134E20F3B938}.Release|iPhone.Build.0 = Release|Any CPU
		{27303B27-DB67-4C70-9956-134E20F3B938}.Release|iPhoneSimulator.ActiveCfg = Release|Any CPU
		{27303B27-DB67-4C70-9956-134E20F3B938}.Release|iPhoneSimulator.Build.0 = Release|Any CPU
		{D7FB1526-FA97-4A92-8AE7-AAA79FF9B0FD}.Debug|Any CPU.ActiveCfg = Debug|Any CPU
		{D7FB1526-FA97-4A92-8AE7-AAA79FF9B0FD}.Debug|Any CPU.Build.0 = Debug|Any CPU
		{D7FB1526-FA97-4A92-8AE7-AAA79FF9B0FD}.Debug|iPhone.ActiveCfg = Debug|Any CPU
		{D7FB1526-FA97-4A92-8AE7-AAA79FF9B0FD}.Debug|iPhone.Build.0 = Debug|Any CPU
		{D7FB1526-FA97-4A92-8AE7-AAA79FF9B0FD}.Debug|iPhoneSimulator.ActiveCfg = Debug|Any CPU
		{D7FB1526-FA97-4A92-8AE7-AAA79FF9B0FD}.Debug|iPhoneSimulator.Build.0 = Debug|Any CPU
		{D7FB1526-FA97-4A92-8AE7-AAA79FF9B0FD}.Release|Any CPU.ActiveCfg = Release|Any CPU
		{D7FB1526-FA97-4A92-8AE7-AAA79FF9B0FD}.Release|Any CPU.Build.0 = Release|Any CPU
		{D7FB1526-FA97-4A92-8AE7-AAA79FF9B0FD}.Release|iPhone.ActiveCfg = Release|Any CPU
		{D7FB1526-FA97-4A92-8AE7-AAA79FF9B0FD}.Release|iPhone.Build.0 = Release|Any CPU
		{D7FB1526-FA97-4A92-8AE7-AAA79FF9B0FD}.Release|iPhoneSimulator.ActiveCfg = Release|Any CPU
		{D7FB1526-FA97-4A92-8AE7-AAA79FF9B0FD}.Release|iPhoneSimulator.Build.0 = Release|Any CPU
		{030C3A3D-E6F8-4347-9E2E-0AD0DD72EE95}.Debug|Any CPU.ActiveCfg = Debug|Any CPU
		{030C3A3D-E6F8-4347-9E2E-0AD0DD72EE95}.Debug|Any CPU.Build.0 = Debug|Any CPU
		{030C3A3D-E6F8-4347-9E2E-0AD0DD72EE95}.Debug|Any CPU.Deploy.0 = Debug|Any CPU
		{030C3A3D-E6F8-4347-9E2E-0AD0DD72EE95}.Debug|iPhone.ActiveCfg = Debug|Any CPU
		{030C3A3D-E6F8-4347-9E2E-0AD0DD72EE95}.Debug|iPhone.Build.0 = Debug|Any CPU
		{030C3A3D-E6F8-4347-9E2E-0AD0DD72EE95}.Debug|iPhone.Deploy.0 = Debug|Any CPU
		{030C3A3D-E6F8-4347-9E2E-0AD0DD72EE95}.Debug|iPhoneSimulator.ActiveCfg = Debug|Any CPU
		{030C3A3D-E6F8-4347-9E2E-0AD0DD72EE95}.Debug|iPhoneSimulator.Build.0 = Debug|Any CPU
		{030C3A3D-E6F8-4347-9E2E-0AD0DD72EE95}.Debug|iPhoneSimulator.Deploy.0 = Debug|Any CPU
		{030C3A3D-E6F8-4347-9E2E-0AD0DD72EE95}.Release|Any CPU.ActiveCfg = Release|Any CPU
		{030C3A3D-E6F8-4347-9E2E-0AD0DD72EE95}.Release|Any CPU.Build.0 = Release|Any CPU
		{030C3A3D-E6F8-4347-9E2E-0AD0DD72EE95}.Release|Any CPU.Deploy.0 = Release|Any CPU
		{030C3A3D-E6F8-4347-9E2E-0AD0DD72EE95}.Release|iPhone.ActiveCfg = Release|Any CPU
		{030C3A3D-E6F8-4347-9E2E-0AD0DD72EE95}.Release|iPhone.Build.0 = Release|Any CPU
		{030C3A3D-E6F8-4347-9E2E-0AD0DD72EE95}.Release|iPhone.Deploy.0 = Release|Any CPU
		{030C3A3D-E6F8-4347-9E2E-0AD0DD72EE95}.Release|iPhoneSimulator.ActiveCfg = Release|Any CPU
		{030C3A3D-E6F8-4347-9E2E-0AD0DD72EE95}.Release|iPhoneSimulator.Build.0 = Release|Any CPU
		{030C3A3D-E6F8-4347-9E2E-0AD0DD72EE95}.Release|iPhoneSimulator.Deploy.0 = Release|Any CPU
		{311BDB6D-6321-46C5-90C4-D1628465AB4B}.Debug|Any CPU.ActiveCfg = Debug|iPhoneSimulator
		{311BDB6D-6321-46C5-90C4-D1628465AB4B}.Debug|iPhone.ActiveCfg = Debug|iPhone
		{311BDB6D-6321-46C5-90C4-D1628465AB4B}.Debug|iPhone.Build.0 = Debug|iPhone
		{311BDB6D-6321-46C5-90C4-D1628465AB4B}.Debug|iPhoneSimulator.ActiveCfg = Debug|iPhoneSimulator
		{311BDB6D-6321-46C5-90C4-D1628465AB4B}.Debug|iPhoneSimulator.Build.0 = Debug|iPhoneSimulator
		{311BDB6D-6321-46C5-90C4-D1628465AB4B}.Release|Any CPU.ActiveCfg = Release|iPhoneSimulator
		{311BDB6D-6321-46C5-90C4-D1628465AB4B}.Release|iPhone.ActiveCfg = Release|iPhone
		{311BDB6D-6321-46C5-90C4-D1628465AB4B}.Release|iPhone.Build.0 = Release|iPhone
		{311BDB6D-6321-46C5-90C4-D1628465AB4B}.Release|iPhoneSimulator.ActiveCfg = Release|iPhoneSimulator
		{311BDB6D-6321-46C5-90C4-D1628465AB4B}.Release|iPhoneSimulator.Build.0 = Release|iPhoneSimulator
		{AAD1619B-2360-4C2E-B230-2CF4EE358104}.Debug|Any CPU.ActiveCfg = Debug|Any CPU
		{AAD1619B-2360-4C2E-B230-2CF4EE358104}.Debug|Any CPU.Build.0 = Debug|Any CPU
		{AAD1619B-2360-4C2E-B230-2CF4EE358104}.Debug|iPhone.ActiveCfg = Debug|Any CPU
		{AAD1619B-2360-4C2E-B230-2CF4EE358104}.Debug|iPhone.Build.0 = Debug|Any CPU
		{AAD1619B-2360-4C2E-B230-2CF4EE358104}.Debug|iPhoneSimulator.ActiveCfg = Debug|Any CPU
		{AAD1619B-2360-4C2E-B230-2CF4EE358104}.Debug|iPhoneSimulator.Build.0 = Debug|Any CPU
		{AAD1619B-2360-4C2E-B230-2CF4EE358104}.Release|Any CPU.ActiveCfg = Release|Any CPU
		{AAD1619B-2360-4C2E-B230-2CF4EE358104}.Release|Any CPU.Build.0 = Release|Any CPU
		{AAD1619B-2360-4C2E-B230-2CF4EE358104}.Release|iPhone.ActiveCfg = Release|Any CPU
		{AAD1619B-2360-4C2E-B230-2CF4EE358104}.Release|iPhone.Build.0 = Release|Any CPU
		{AAD1619B-2360-4C2E-B230-2CF4EE358104}.Release|iPhoneSimulator.ActiveCfg = Release|Any CPU
		{AAD1619B-2360-4C2E-B230-2CF4EE358104}.Release|iPhoneSimulator.Build.0 = Release|Any CPU
		{A68F37C1-34E9-494C-A69A-0485D9EEBE4D}.Debug|Any CPU.ActiveCfg = Debug|Any CPU
		{A68F37C1-34E9-494C-A69A-0485D9EEBE4D}.Debug|Any CPU.Build.0 = Debug|Any CPU
		{A68F37C1-34E9-494C-A69A-0485D9EEBE4D}.Debug|iPhone.ActiveCfg = Debug|Any CPU
		{A68F37C1-34E9-494C-A69A-0485D9EEBE4D}.Debug|iPhone.Build.0 = Debug|Any CPU
		{A68F37C1-34E9-494C-A69A-0485D9EEBE4D}.Debug|iPhoneSimulator.ActiveCfg = Debug|Any CPU
		{A68F37C1-34E9-494C-A69A-0485D9EEBE4D}.Debug|iPhoneSimulator.Build.0 = Debug|Any CPU
		{A68F37C1-34E9-494C-A69A-0485D9EEBE4D}.Release|Any CPU.ActiveCfg = Release|Any CPU
		{A68F37C1-34E9-494C-A69A-0485D9EEBE4D}.Release|Any CPU.Build.0 = Release|Any CPU
		{A68F37C1-34E9-494C-A69A-0485D9EEBE4D}.Release|iPhone.ActiveCfg = Release|Any CPU
		{A68F37C1-34E9-494C-A69A-0485D9EEBE4D}.Release|iPhone.Build.0 = Release|Any CPU
		{A68F37C1-34E9-494C-A69A-0485D9EEBE4D}.Release|iPhoneSimulator.ActiveCfg = Release|Any CPU
		{A68F37C1-34E9-494C-A69A-0485D9EEBE4D}.Release|iPhoneSimulator.Build.0 = Release|Any CPU
		{876A99A7-7A44-48C9-9AE9-9E2159CF5C98}.Debug|Any CPU.ActiveCfg = Debug|Any CPU
		{876A99A7-7A44-48C9-9AE9-9E2159CF5C98}.Debug|Any CPU.Build.0 = Debug|Any CPU
		{876A99A7-7A44-48C9-9AE9-9E2159CF5C98}.Debug|iPhone.ActiveCfg = Debug|Any CPU
		{876A99A7-7A44-48C9-9AE9-9E2159CF5C98}.Debug|iPhone.Build.0 = Debug|Any CPU
		{876A99A7-7A44-48C9-9AE9-9E2159CF5C98}.Debug|iPhoneSimulator.ActiveCfg = Debug|Any CPU
		{876A99A7-7A44-48C9-9AE9-9E2159CF5C98}.Debug|iPhoneSimulator.Build.0 = Debug|Any CPU
		{876A99A7-7A44-48C9-9AE9-9E2159CF5C98}.Release|Any CPU.ActiveCfg = Release|Any CPU
		{876A99A7-7A44-48C9-9AE9-9E2159CF5C98}.Release|Any CPU.Build.0 = Release|Any CPU
		{876A99A7-7A44-48C9-9AE9-9E2159CF5C98}.Release|iPhone.ActiveCfg = Release|Any CPU
		{876A99A7-7A44-48C9-9AE9-9E2159CF5C98}.Release|iPhone.Build.0 = Release|Any CPU
		{876A99A7-7A44-48C9-9AE9-9E2159CF5C98}.Release|iPhoneSimulator.ActiveCfg = Release|Any CPU
		{876A99A7-7A44-48C9-9AE9-9E2159CF5C98}.Release|iPhoneSimulator.Build.0 = Release|Any CPU
		{F596CF90-6FD5-405E-802E-E38DEC50431A}.Debug|Any CPU.ActiveCfg = Debug|Any CPU
		{F596CF90-6FD5-405E-802E-E38DEC50431A}.Debug|Any CPU.Build.0 = Debug|Any CPU
		{F596CF90-6FD5-405E-802E-E38DEC50431A}.Debug|iPhone.ActiveCfg = Debug|Any CPU
		{F596CF90-6FD5-405E-802E-E38DEC50431A}.Debug|iPhone.Build.0 = Debug|Any CPU
		{F596CF90-6FD5-405E-802E-E38DEC50431A}.Debug|iPhoneSimulator.ActiveCfg = Debug|Any CPU
		{F596CF90-6FD5-405E-802E-E38DEC50431A}.Debug|iPhoneSimulator.Build.0 = Debug|Any CPU
		{F596CF90-6FD5-405E-802E-E38DEC50431A}.Release|Any CPU.ActiveCfg = Release|Any CPU
		{F596CF90-6FD5-405E-802E-E38DEC50431A}.Release|Any CPU.Build.0 = Release|Any CPU
		{F596CF90-6FD5-405E-802E-E38DEC50431A}.Release|iPhone.ActiveCfg = Release|Any CPU
		{F596CF90-6FD5-405E-802E-E38DEC50431A}.Release|iPhone.Build.0 = Release|Any CPU
		{F596CF90-6FD5-405E-802E-E38DEC50431A}.Release|iPhoneSimulator.ActiveCfg = Release|Any CPU
		{F596CF90-6FD5-405E-802E-E38DEC50431A}.Release|iPhoneSimulator.Build.0 = Release|Any CPU
		{C2B4BF9C-9415-488F-87E3-BDBA093301D8}.Debug|Any CPU.ActiveCfg = Debug|Any CPU
		{C2B4BF9C-9415-488F-87E3-BDBA093301D8}.Debug|iPhone.ActiveCfg = Debug|Any CPU
		{C2B4BF9C-9415-488F-87E3-BDBA093301D8}.Debug|iPhoneSimulator.ActiveCfg = Debug|Any CPU
		{C2B4BF9C-9415-488F-87E3-BDBA093301D8}.Release|Any CPU.ActiveCfg = Release|Any CPU
		{C2B4BF9C-9415-488F-87E3-BDBA093301D8}.Release|iPhone.ActiveCfg = Release|Any CPU
		{C2B4BF9C-9415-488F-87E3-BDBA093301D8}.Release|iPhoneSimulator.ActiveCfg = Release|Any CPU
		{B394E240-410E-4636-BF41-29D231346235}.Debug|Any CPU.ActiveCfg = Debug|Any CPU
		{B394E240-410E-4636-BF41-29D231346235}.Debug|Any CPU.Build.0 = Debug|Any CPU
		{B394E240-410E-4636-BF41-29D231346235}.Debug|iPhone.ActiveCfg = Debug|Any CPU
		{B394E240-410E-4636-BF41-29D231346235}.Debug|iPhone.Build.0 = Debug|Any CPU
		{B394E240-410E-4636-BF41-29D231346235}.Debug|iPhoneSimulator.ActiveCfg = Debug|Any CPU
		{B394E240-410E-4636-BF41-29D231346235}.Debug|iPhoneSimulator.Build.0 = Debug|Any CPU
		{B394E240-410E-4636-BF41-29D231346235}.Release|Any CPU.ActiveCfg = Release|Any CPU
		{B394E240-410E-4636-BF41-29D231346235}.Release|Any CPU.Build.0 = Release|Any CPU
		{B394E240-410E-4636-BF41-29D231346235}.Release|iPhone.ActiveCfg = Release|Any CPU
		{B394E240-410E-4636-BF41-29D231346235}.Release|iPhone.Build.0 = Release|Any CPU
		{B394E240-410E-4636-BF41-29D231346235}.Release|iPhoneSimulator.ActiveCfg = Release|Any CPU
		{B394E240-410E-4636-BF41-29D231346235}.Release|iPhoneSimulator.Build.0 = Release|Any CPU
		{C0D3237E-B265-4627-9D04-0B3351FD975A}.Debug|Any CPU.ActiveCfg = Debug|Any CPU
		{C0D3237E-B265-4627-9D04-0B3351FD975A}.Debug|Any CPU.Build.0 = Debug|Any CPU
		{C0D3237E-B265-4627-9D04-0B3351FD975A}.Debug|iPhone.ActiveCfg = Debug|Any CPU
		{C0D3237E-B265-4627-9D04-0B3351FD975A}.Debug|iPhone.Build.0 = Debug|Any CPU
		{C0D3237E-B265-4627-9D04-0B3351FD975A}.Debug|iPhoneSimulator.ActiveCfg = Debug|Any CPU
		{C0D3237E-B265-4627-9D04-0B3351FD975A}.Debug|iPhoneSimulator.Build.0 = Debug|Any CPU
		{C0D3237E-B265-4627-9D04-0B3351FD975A}.Release|Any CPU.ActiveCfg = Release|Any CPU
		{C0D3237E-B265-4627-9D04-0B3351FD975A}.Release|Any CPU.Build.0 = Release|Any CPU
		{C0D3237E-B265-4627-9D04-0B3351FD975A}.Release|iPhone.ActiveCfg = Release|Any CPU
		{C0D3237E-B265-4627-9D04-0B3351FD975A}.Release|iPhone.Build.0 = Release|Any CPU
		{C0D3237E-B265-4627-9D04-0B3351FD975A}.Release|iPhoneSimulator.ActiveCfg = Release|Any CPU
		{C0D3237E-B265-4627-9D04-0B3351FD975A}.Release|iPhoneSimulator.Build.0 = Release|Any CPU
		{DA13688F-6DC8-49C7-9D0D-246B671237F2}.Debug|Any CPU.ActiveCfg = Debug|Any CPU
		{DA13688F-6DC8-49C7-9D0D-246B671237F2}.Debug|Any CPU.Build.0 = Debug|Any CPU
		{DA13688F-6DC8-49C7-9D0D-246B671237F2}.Debug|iPhone.ActiveCfg = Debug|Any CPU
		{DA13688F-6DC8-49C7-9D0D-246B671237F2}.Debug|iPhone.Build.0 = Debug|Any CPU
		{DA13688F-6DC8-49C7-9D0D-246B671237F2}.Debug|iPhoneSimulator.ActiveCfg = Debug|Any CPU
		{DA13688F-6DC8-49C7-9D0D-246B671237F2}.Debug|iPhoneSimulator.Build.0 = Debug|Any CPU
		{DA13688F-6DC8-49C7-9D0D-246B671237F2}.Release|Any CPU.ActiveCfg = Release|Any CPU
		{DA13688F-6DC8-49C7-9D0D-246B671237F2}.Release|Any CPU.Build.0 = Release|Any CPU
		{DA13688F-6DC8-49C7-9D0D-246B671237F2}.Release|iPhone.ActiveCfg = Release|Any CPU
		{DA13688F-6DC8-49C7-9D0D-246B671237F2}.Release|iPhone.Build.0 = Release|Any CPU
		{DA13688F-6DC8-49C7-9D0D-246B671237F2}.Release|iPhoneSimulator.ActiveCfg = Release|Any CPU
		{DA13688F-6DC8-49C7-9D0D-246B671237F2}.Release|iPhoneSimulator.Build.0 = Release|Any CPU
		{AF1A67E5-9371-4B25-B742-4BE3036FA130}.Debug|Any CPU.ActiveCfg = Debug|Any CPU
		{AF1A67E5-9371-4B25-B742-4BE3036FA130}.Debug|Any CPU.Build.0 = Debug|Any CPU
		{AF1A67E5-9371-4B25-B742-4BE3036FA130}.Debug|iPhone.ActiveCfg = Debug|Any CPU
		{AF1A67E5-9371-4B25-B742-4BE3036FA130}.Debug|iPhone.Build.0 = Debug|Any CPU
		{AF1A67E5-9371-4B25-B742-4BE3036FA130}.Debug|iPhoneSimulator.ActiveCfg = Debug|Any CPU
		{AF1A67E5-9371-4B25-B742-4BE3036FA130}.Debug|iPhoneSimulator.Build.0 = Debug|Any CPU
		{AF1A67E5-9371-4B25-B742-4BE3036FA130}.Release|Any CPU.ActiveCfg = Release|Any CPU
		{AF1A67E5-9371-4B25-B742-4BE3036FA130}.Release|Any CPU.Build.0 = Release|Any CPU
		{AF1A67E5-9371-4B25-B742-4BE3036FA130}.Release|iPhone.ActiveCfg = Release|Any CPU
		{AF1A67E5-9371-4B25-B742-4BE3036FA130}.Release|iPhone.Build.0 = Release|Any CPU
		{AF1A67E5-9371-4B25-B742-4BE3036FA130}.Release|iPhoneSimulator.ActiveCfg = Release|Any CPU
		{AF1A67E5-9371-4B25-B742-4BE3036FA130}.Release|iPhoneSimulator.Build.0 = Release|Any CPU
		{648335FD-0D7B-43C8-9459-CC542A71BFF4}.Debug|Any CPU.ActiveCfg = Debug|Any CPU
		{648335FD-0D7B-43C8-9459-CC542A71BFF4}.Debug|Any CPU.Build.0 = Debug|Any CPU
		{648335FD-0D7B-43C8-9459-CC542A71BFF4}.Debug|iPhone.ActiveCfg = Debug|Any CPU
		{648335FD-0D7B-43C8-9459-CC542A71BFF4}.Debug|iPhone.Build.0 = Debug|Any CPU
		{648335FD-0D7B-43C8-9459-CC542A71BFF4}.Debug|iPhoneSimulator.ActiveCfg = Debug|Any CPU
		{648335FD-0D7B-43C8-9459-CC542A71BFF4}.Debug|iPhoneSimulator.Build.0 = Debug|Any CPU
		{648335FD-0D7B-43C8-9459-CC542A71BFF4}.Release|Any CPU.ActiveCfg = Release|Any CPU
		{648335FD-0D7B-43C8-9459-CC542A71BFF4}.Release|Any CPU.Build.0 = Release|Any CPU
		{648335FD-0D7B-43C8-9459-CC542A71BFF4}.Release|iPhone.ActiveCfg = Release|Any CPU
		{648335FD-0D7B-43C8-9459-CC542A71BFF4}.Release|iPhone.Build.0 = Release|Any CPU
		{648335FD-0D7B-43C8-9459-CC542A71BFF4}.Release|iPhoneSimulator.ActiveCfg = Release|Any CPU
		{648335FD-0D7B-43C8-9459-CC542A71BFF4}.Release|iPhoneSimulator.Build.0 = Release|Any CPU
		{75EACA72-B282-41F6-8A85-57B5712A983F}.Debug|Any CPU.ActiveCfg = Debug|Any CPU
		{75EACA72-B282-41F6-8A85-57B5712A983F}.Debug|Any CPU.Build.0 = Debug|Any CPU
		{75EACA72-B282-41F6-8A85-57B5712A983F}.Debug|iPhone.ActiveCfg = Debug|Any CPU
		{75EACA72-B282-41F6-8A85-57B5712A983F}.Debug|iPhone.Build.0 = Debug|Any CPU
		{75EACA72-B282-41F6-8A85-57B5712A983F}.Debug|iPhoneSimulator.ActiveCfg = Debug|Any CPU
		{75EACA72-B282-41F6-8A85-57B5712A983F}.Debug|iPhoneSimulator.Build.0 = Debug|Any CPU
		{75EACA72-B282-41F6-8A85-57B5712A983F}.Release|Any CPU.ActiveCfg = Release|Any CPU
		{75EACA72-B282-41F6-8A85-57B5712A983F}.Release|Any CPU.Build.0 = Release|Any CPU
		{75EACA72-B282-41F6-8A85-57B5712A983F}.Release|iPhone.ActiveCfg = Release|Any CPU
		{75EACA72-B282-41F6-8A85-57B5712A983F}.Release|iPhone.Build.0 = Release|Any CPU
		{75EACA72-B282-41F6-8A85-57B5712A983F}.Release|iPhoneSimulator.ActiveCfg = Release|Any CPU
		{75EACA72-B282-41F6-8A85-57B5712A983F}.Release|iPhoneSimulator.Build.0 = Release|Any CPU
		{49C6C85C-2295-44E6-8A09-555C64C7F95A}.Debug|Any CPU.ActiveCfg = Debug|Any CPU
		{49C6C85C-2295-44E6-8A09-555C64C7F95A}.Debug|Any CPU.Build.0 = Debug|Any CPU
		{49C6C85C-2295-44E6-8A09-555C64C7F95A}.Debug|iPhone.ActiveCfg = Debug|Any CPU
		{49C6C85C-2295-44E6-8A09-555C64C7F95A}.Debug|iPhone.Build.0 = Debug|Any CPU
		{49C6C85C-2295-44E6-8A09-555C64C7F95A}.Debug|iPhoneSimulator.ActiveCfg = Debug|Any CPU
		{49C6C85C-2295-44E6-8A09-555C64C7F95A}.Debug|iPhoneSimulator.Build.0 = Debug|Any CPU
		{49C6C85C-2295-44E6-8A09-555C64C7F95A}.Release|Any CPU.ActiveCfg = Release|Any CPU
		{49C6C85C-2295-44E6-8A09-555C64C7F95A}.Release|Any CPU.Build.0 = Release|Any CPU
		{49C6C85C-2295-44E6-8A09-555C64C7F95A}.Release|iPhone.ActiveCfg = Release|Any CPU
		{49C6C85C-2295-44E6-8A09-555C64C7F95A}.Release|iPhone.Build.0 = Release|Any CPU
		{49C6C85C-2295-44E6-8A09-555C64C7F95A}.Release|iPhoneSimulator.ActiveCfg = Release|Any CPU
		{49C6C85C-2295-44E6-8A09-555C64C7F95A}.Release|iPhoneSimulator.Build.0 = Release|Any CPU
		{979E5964-63F7-49AC-B56F-81E14150B191}.Debug|Any CPU.ActiveCfg = Debug|Any CPU
		{979E5964-63F7-49AC-B56F-81E14150B191}.Debug|Any CPU.Build.0 = Debug|Any CPU
		{979E5964-63F7-49AC-B56F-81E14150B191}.Debug|iPhone.ActiveCfg = Debug|Any CPU
		{979E5964-63F7-49AC-B56F-81E14150B191}.Debug|iPhone.Build.0 = Debug|Any CPU
		{979E5964-63F7-49AC-B56F-81E14150B191}.Debug|iPhoneSimulator.ActiveCfg = Debug|Any CPU
		{979E5964-63F7-49AC-B56F-81E14150B191}.Debug|iPhoneSimulator.Build.0 = Debug|Any CPU
		{979E5964-63F7-49AC-B56F-81E14150B191}.Release|Any CPU.ActiveCfg = Release|Any CPU
		{979E5964-63F7-49AC-B56F-81E14150B191}.Release|Any CPU.Build.0 = Release|Any CPU
		{979E5964-63F7-49AC-B56F-81E14150B191}.Release|iPhone.ActiveCfg = Release|Any CPU
		{979E5964-63F7-49AC-B56F-81E14150B191}.Release|iPhone.Build.0 = Release|Any CPU
		{979E5964-63F7-49AC-B56F-81E14150B191}.Release|iPhoneSimulator.ActiveCfg = Release|Any CPU
		{979E5964-63F7-49AC-B56F-81E14150B191}.Release|iPhoneSimulator.Build.0 = Release|Any CPU
		{A9AF7330-3685-4AFD-B5E2-920961099849}.Debug|Any CPU.ActiveCfg = Debug|Any CPU
		{A9AF7330-3685-4AFD-B5E2-920961099849}.Debug|Any CPU.Build.0 = Debug|Any CPU
		{A9AF7330-3685-4AFD-B5E2-920961099849}.Debug|iPhone.ActiveCfg = Debug|Any CPU
		{A9AF7330-3685-4AFD-B5E2-920961099849}.Debug|iPhone.Build.0 = Debug|Any CPU
		{A9AF7330-3685-4AFD-B5E2-920961099849}.Debug|iPhoneSimulator.ActiveCfg = Debug|Any CPU
		{A9AF7330-3685-4AFD-B5E2-920961099849}.Debug|iPhoneSimulator.Build.0 = Debug|Any CPU
		{A9AF7330-3685-4AFD-B5E2-920961099849}.Release|Any CPU.ActiveCfg = Release|Any CPU
		{A9AF7330-3685-4AFD-B5E2-920961099849}.Release|Any CPU.Build.0 = Release|Any CPU
		{A9AF7330-3685-4AFD-B5E2-920961099849}.Release|iPhone.ActiveCfg = Release|Any CPU
		{A9AF7330-3685-4AFD-B5E2-920961099849}.Release|iPhone.Build.0 = Release|Any CPU
		{A9AF7330-3685-4AFD-B5E2-920961099849}.Release|iPhoneSimulator.ActiveCfg = Release|Any CPU
		{A9AF7330-3685-4AFD-B5E2-920961099849}.Release|iPhoneSimulator.Build.0 = Release|Any CPU
		{D640D4C2-0F23-43DA-9189-1C40F8A5895B}.Debug|Any CPU.ActiveCfg = Debug|Any CPU
		{D640D4C2-0F23-43DA-9189-1C40F8A5895B}.Debug|Any CPU.Build.0 = Debug|Any CPU
		{D640D4C2-0F23-43DA-9189-1C40F8A5895B}.Debug|iPhone.ActiveCfg = Debug|Any CPU
		{D640D4C2-0F23-43DA-9189-1C40F8A5895B}.Debug|iPhone.Build.0 = Debug|Any CPU
		{D640D4C2-0F23-43DA-9189-1C40F8A5895B}.Debug|iPhoneSimulator.ActiveCfg = Debug|Any CPU
		{D640D4C2-0F23-43DA-9189-1C40F8A5895B}.Debug|iPhoneSimulator.Build.0 = Debug|Any CPU
		{D640D4C2-0F23-43DA-9189-1C40F8A5895B}.Release|Any CPU.ActiveCfg = Release|Any CPU
		{D640D4C2-0F23-43DA-9189-1C40F8A5895B}.Release|Any CPU.Build.0 = Release|Any CPU
		{D640D4C2-0F23-43DA-9189-1C40F8A5895B}.Release|iPhone.ActiveCfg = Release|Any CPU
		{D640D4C2-0F23-43DA-9189-1C40F8A5895B}.Release|iPhone.Build.0 = Release|Any CPU
		{D640D4C2-0F23-43DA-9189-1C40F8A5895B}.Release|iPhoneSimulator.ActiveCfg = Release|Any CPU
		{D640D4C2-0F23-43DA-9189-1C40F8A5895B}.Release|iPhoneSimulator.Build.0 = Release|Any CPU
		{ED816AA8-2FF6-4C22-9845-71B099A15763}.Debug|Any CPU.ActiveCfg = Debug|Any CPU
		{ED816AA8-2FF6-4C22-9845-71B099A15763}.Debug|Any CPU.Build.0 = Debug|Any CPU
		{ED816AA8-2FF6-4C22-9845-71B099A15763}.Debug|iPhone.ActiveCfg = Debug|Any CPU
		{ED816AA8-2FF6-4C22-9845-71B099A15763}.Debug|iPhone.Build.0 = Debug|Any CPU
		{ED816AA8-2FF6-4C22-9845-71B099A15763}.Debug|iPhoneSimulator.ActiveCfg = Debug|Any CPU
		{ED816AA8-2FF6-4C22-9845-71B099A15763}.Debug|iPhoneSimulator.Build.0 = Debug|Any CPU
		{ED816AA8-2FF6-4C22-9845-71B099A15763}.Release|Any CPU.ActiveCfg = Release|Any CPU
		{ED816AA8-2FF6-4C22-9845-71B099A15763}.Release|Any CPU.Build.0 = Release|Any CPU
		{ED816AA8-2FF6-4C22-9845-71B099A15763}.Release|iPhone.ActiveCfg = Release|Any CPU
		{ED816AA8-2FF6-4C22-9845-71B099A15763}.Release|iPhone.Build.0 = Release|Any CPU
		{ED816AA8-2FF6-4C22-9845-71B099A15763}.Release|iPhoneSimulator.ActiveCfg = Release|Any CPU
		{ED816AA8-2FF6-4C22-9845-71B099A15763}.Release|iPhoneSimulator.Build.0 = Release|Any CPU
		{0EFB31F8-2BEE-4FBB-AC2D-B9493BE289E5}.Debug|Any CPU.ActiveCfg = Debug|Any CPU
		{0EFB31F8-2BEE-4FBB-AC2D-B9493BE289E5}.Debug|Any CPU.Build.0 = Debug|Any CPU
		{0EFB31F8-2BEE-4FBB-AC2D-B9493BE289E5}.Debug|iPhone.ActiveCfg = Debug|Any CPU
		{0EFB31F8-2BEE-4FBB-AC2D-B9493BE289E5}.Debug|iPhone.Build.0 = Debug|Any CPU
		{0EFB31F8-2BEE-4FBB-AC2D-B9493BE289E5}.Debug|iPhoneSimulator.ActiveCfg = Debug|Any CPU
		{0EFB31F8-2BEE-4FBB-AC2D-B9493BE289E5}.Debug|iPhoneSimulator.Build.0 = Debug|Any CPU
		{0EFB31F8-2BEE-4FBB-AC2D-B9493BE289E5}.Release|Any CPU.ActiveCfg = Release|Any CPU
		{0EFB31F8-2BEE-4FBB-AC2D-B9493BE289E5}.Release|Any CPU.Build.0 = Release|Any CPU
		{0EFB31F8-2BEE-4FBB-AC2D-B9493BE289E5}.Release|iPhone.ActiveCfg = Release|Any CPU
		{0EFB31F8-2BEE-4FBB-AC2D-B9493BE289E5}.Release|iPhone.Build.0 = Release|Any CPU
		{0EFB31F8-2BEE-4FBB-AC2D-B9493BE289E5}.Release|iPhoneSimulator.ActiveCfg = Release|Any CPU
		{0EFB31F8-2BEE-4FBB-AC2D-B9493BE289E5}.Release|iPhoneSimulator.Build.0 = Release|Any CPU
		{E09DE548-EA15-4429-8D12-AEFB826EE64D}.Debug|Any CPU.ActiveCfg = Debug|Any CPU
		{E09DE548-EA15-4429-8D12-AEFB826EE64D}.Debug|Any CPU.Build.0 = Debug|Any CPU
		{E09DE548-EA15-4429-8D12-AEFB826EE64D}.Debug|iPhone.ActiveCfg = Debug|Any CPU
		{E09DE548-EA15-4429-8D12-AEFB826EE64D}.Debug|iPhone.Build.0 = Debug|Any CPU
		{E09DE548-EA15-4429-8D12-AEFB826EE64D}.Debug|iPhoneSimulator.ActiveCfg = Debug|Any CPU
		{E09DE548-EA15-4429-8D12-AEFB826EE64D}.Debug|iPhoneSimulator.Build.0 = Debug|Any CPU
		{E09DE548-EA15-4429-8D12-AEFB826EE64D}.Release|Any CPU.ActiveCfg = Release|Any CPU
		{E09DE548-EA15-4429-8D12-AEFB826EE64D}.Release|Any CPU.Build.0 = Release|Any CPU
		{E09DE548-EA15-4429-8D12-AEFB826EE64D}.Release|iPhone.ActiveCfg = Release|Any CPU
		{E09DE548-EA15-4429-8D12-AEFB826EE64D}.Release|iPhone.Build.0 = Release|Any CPU
		{E09DE548-EA15-4429-8D12-AEFB826EE64D}.Release|iPhoneSimulator.ActiveCfg = Release|Any CPU
		{E09DE548-EA15-4429-8D12-AEFB826EE64D}.Release|iPhoneSimulator.Build.0 = Release|Any CPU
		{0C67D98C-8B2A-45F7-9F96-D695F343C37E}.Debug|Any CPU.ActiveCfg = Debug|Any CPU
		{0C67D98C-8B2A-45F7-9F96-D695F343C37E}.Debug|Any CPU.Build.0 = Debug|Any CPU
		{0C67D98C-8B2A-45F7-9F96-D695F343C37E}.Debug|iPhone.ActiveCfg = Debug|Any CPU
		{0C67D98C-8B2A-45F7-9F96-D695F343C37E}.Debug|iPhone.Build.0 = Debug|Any CPU
		{0C67D98C-8B2A-45F7-9F96-D695F343C37E}.Debug|iPhoneSimulator.ActiveCfg = Debug|Any CPU
		{0C67D98C-8B2A-45F7-9F96-D695F343C37E}.Debug|iPhoneSimulator.Build.0 = Debug|Any CPU
		{0C67D98C-8B2A-45F7-9F96-D695F343C37E}.Release|Any CPU.ActiveCfg = Release|Any CPU
		{0C67D98C-8B2A-45F7-9F96-D695F343C37E}.Release|Any CPU.Build.0 = Release|Any CPU
		{0C67D98C-8B2A-45F7-9F96-D695F343C37E}.Release|iPhone.ActiveCfg = Release|Any CPU
		{0C67D98C-8B2A-45F7-9F96-D695F343C37E}.Release|iPhone.Build.0 = Release|Any CPU
		{0C67D98C-8B2A-45F7-9F96-D695F343C37E}.Release|iPhoneSimulator.ActiveCfg = Release|Any CPU
		{0C67D98C-8B2A-45F7-9F96-D695F343C37E}.Release|iPhoneSimulator.Build.0 = Release|Any CPU
		{88579DE7-C9CA-46D6-B9CC-9C33E5E70AD0}.Debug|Any CPU.ActiveCfg = Debug|Any CPU
		{88579DE7-C9CA-46D6-B9CC-9C33E5E70AD0}.Debug|Any CPU.Build.0 = Debug|Any CPU
		{88579DE7-C9CA-46D6-B9CC-9C33E5E70AD0}.Debug|iPhone.ActiveCfg = Debug|Any CPU
		{88579DE7-C9CA-46D6-B9CC-9C33E5E70AD0}.Debug|iPhone.Build.0 = Debug|Any CPU
		{88579DE7-C9CA-46D6-B9CC-9C33E5E70AD0}.Debug|iPhoneSimulator.ActiveCfg = Debug|Any CPU
		{88579DE7-C9CA-46D6-B9CC-9C33E5E70AD0}.Debug|iPhoneSimulator.Build.0 = Debug|Any CPU
		{88579DE7-C9CA-46D6-B9CC-9C33E5E70AD0}.Release|Any CPU.ActiveCfg = Release|Any CPU
		{88579DE7-C9CA-46D6-B9CC-9C33E5E70AD0}.Release|Any CPU.Build.0 = Release|Any CPU
		{88579DE7-C9CA-46D6-B9CC-9C33E5E70AD0}.Release|iPhone.ActiveCfg = Release|Any CPU
		{88579DE7-C9CA-46D6-B9CC-9C33E5E70AD0}.Release|iPhone.Build.0 = Release|Any CPU
		{88579DE7-C9CA-46D6-B9CC-9C33E5E70AD0}.Release|iPhoneSimulator.ActiveCfg = Release|Any CPU
		{88579DE7-C9CA-46D6-B9CC-9C33E5E70AD0}.Release|iPhoneSimulator.Build.0 = Release|Any CPU
		{F1BEF971-553A-4FE0-A691-1DAB5CF5D368}.Debug|Any CPU.ActiveCfg = Debug|Any CPU
		{F1BEF971-553A-4FE0-A691-1DAB5CF5D368}.Debug|Any CPU.Build.0 = Debug|Any CPU
		{F1BEF971-553A-4FE0-A691-1DAB5CF5D368}.Debug|iPhone.ActiveCfg = Debug|Any CPU
		{F1BEF971-553A-4FE0-A691-1DAB5CF5D368}.Debug|iPhone.Build.0 = Debug|Any CPU
		{F1BEF971-553A-4FE0-A691-1DAB5CF5D368}.Debug|iPhoneSimulator.ActiveCfg = Debug|Any CPU
		{F1BEF971-553A-4FE0-A691-1DAB5CF5D368}.Debug|iPhoneSimulator.Build.0 = Debug|Any CPU
		{F1BEF971-553A-4FE0-A691-1DAB5CF5D368}.Release|Any CPU.ActiveCfg = Release|Any CPU
		{F1BEF971-553A-4FE0-A691-1DAB5CF5D368}.Release|Any CPU.Build.0 = Release|Any CPU
		{F1BEF971-553A-4FE0-A691-1DAB5CF5D368}.Release|iPhone.ActiveCfg = Release|Any CPU
		{F1BEF971-553A-4FE0-A691-1DAB5CF5D368}.Release|iPhone.Build.0 = Release|Any CPU
		{F1BEF971-553A-4FE0-A691-1DAB5CF5D368}.Release|iPhoneSimulator.ActiveCfg = Release|Any CPU
		{F1BEF971-553A-4FE0-A691-1DAB5CF5D368}.Release|iPhoneSimulator.Build.0 = Release|Any CPU
		{7D2D1B19-B4DF-4D1F-AFFA-68FFF3C1F51C}.Debug|Any CPU.ActiveCfg = Debug|Any CPU
		{7D2D1B19-B4DF-4D1F-AFFA-68FFF3C1F51C}.Debug|Any CPU.Build.0 = Debug|Any CPU
		{7D2D1B19-B4DF-4D1F-AFFA-68FFF3C1F51C}.Debug|iPhone.ActiveCfg = Debug|Any CPU
		{7D2D1B19-B4DF-4D1F-AFFA-68FFF3C1F51C}.Debug|iPhone.Build.0 = Debug|Any CPU
		{7D2D1B19-B4DF-4D1F-AFFA-68FFF3C1F51C}.Debug|iPhoneSimulator.ActiveCfg = Debug|Any CPU
		{7D2D1B19-B4DF-4D1F-AFFA-68FFF3C1F51C}.Debug|iPhoneSimulator.Build.0 = Debug|Any CPU
		{7D2D1B19-B4DF-4D1F-AFFA-68FFF3C1F51C}.Release|Any CPU.ActiveCfg = Release|Any CPU
		{7D2D1B19-B4DF-4D1F-AFFA-68FFF3C1F51C}.Release|Any CPU.Build.0 = Release|Any CPU
		{7D2D1B19-B4DF-4D1F-AFFA-68FFF3C1F51C}.Release|iPhone.ActiveCfg = Release|Any CPU
		{7D2D1B19-B4DF-4D1F-AFFA-68FFF3C1F51C}.Release|iPhone.Build.0 = Release|Any CPU
		{7D2D1B19-B4DF-4D1F-AFFA-68FFF3C1F51C}.Release|iPhoneSimulator.ActiveCfg = Release|Any CPU
		{7D2D1B19-B4DF-4D1F-AFFA-68FFF3C1F51C}.Release|iPhoneSimulator.Build.0 = Release|Any CPU
		{394D4980-A7D0-4F52-BA87-9AC757074A24}.Debug|Any CPU.ActiveCfg = Debug|Any CPU
		{394D4980-A7D0-4F52-BA87-9AC757074A24}.Debug|Any CPU.Build.0 = Debug|Any CPU
		{394D4980-A7D0-4F52-BA87-9AC757074A24}.Debug|iPhone.ActiveCfg = Debug|Any CPU
		{394D4980-A7D0-4F52-BA87-9AC757074A24}.Debug|iPhone.Build.0 = Debug|Any CPU
		{394D4980-A7D0-4F52-BA87-9AC757074A24}.Debug|iPhoneSimulator.ActiveCfg = Debug|Any CPU
		{394D4980-A7D0-4F52-BA87-9AC757074A24}.Debug|iPhoneSimulator.Build.0 = Debug|Any CPU
		{394D4980-A7D0-4F52-BA87-9AC757074A24}.Release|Any CPU.ActiveCfg = Release|Any CPU
		{394D4980-A7D0-4F52-BA87-9AC757074A24}.Release|Any CPU.Build.0 = Release|Any CPU
		{394D4980-A7D0-4F52-BA87-9AC757074A24}.Release|iPhone.ActiveCfg = Release|Any CPU
		{394D4980-A7D0-4F52-BA87-9AC757074A24}.Release|iPhone.Build.0 = Release|Any CPU
		{394D4980-A7D0-4F52-BA87-9AC757074A24}.Release|iPhoneSimulator.ActiveCfg = Release|Any CPU
		{394D4980-A7D0-4F52-BA87-9AC757074A24}.Release|iPhoneSimulator.Build.0 = Release|Any CPU
		{58CE7995-8B5C-4F23-94C9-636DCEB3F5F7}.Debug|Any CPU.ActiveCfg = Debug|Any CPU
		{58CE7995-8B5C-4F23-94C9-636DCEB3F5F7}.Debug|Any CPU.Build.0 = Debug|Any CPU
		{58CE7995-8B5C-4F23-94C9-636DCEB3F5F7}.Debug|iPhone.ActiveCfg = Debug|Any CPU
		{58CE7995-8B5C-4F23-94C9-636DCEB3F5F7}.Debug|iPhone.Build.0 = Debug|Any CPU
		{58CE7995-8B5C-4F23-94C9-636DCEB3F5F7}.Debug|iPhoneSimulator.ActiveCfg = Debug|Any CPU
		{58CE7995-8B5C-4F23-94C9-636DCEB3F5F7}.Debug|iPhoneSimulator.Build.0 = Debug|Any CPU
		{58CE7995-8B5C-4F23-94C9-636DCEB3F5F7}.Release|Any CPU.ActiveCfg = Release|Any CPU
		{58CE7995-8B5C-4F23-94C9-636DCEB3F5F7}.Release|Any CPU.Build.0 = Release|Any CPU
		{58CE7995-8B5C-4F23-94C9-636DCEB3F5F7}.Release|iPhone.ActiveCfg = Release|Any CPU
		{58CE7995-8B5C-4F23-94C9-636DCEB3F5F7}.Release|iPhone.Build.0 = Release|Any CPU
		{58CE7995-8B5C-4F23-94C9-636DCEB3F5F7}.Release|iPhoneSimulator.ActiveCfg = Release|Any CPU
		{58CE7995-8B5C-4F23-94C9-636DCEB3F5F7}.Release|iPhoneSimulator.Build.0 = Release|Any CPU
		{98CE4753-06D4-4A1E-AA7B-B4C44029899C}.Debug|Any CPU.ActiveCfg = Debug|Any CPU
		{98CE4753-06D4-4A1E-AA7B-B4C44029899C}.Debug|Any CPU.Build.0 = Debug|Any CPU
		{98CE4753-06D4-4A1E-AA7B-B4C44029899C}.Debug|iPhone.ActiveCfg = Debug|Any CPU
		{98CE4753-06D4-4A1E-AA7B-B4C44029899C}.Debug|iPhone.Build.0 = Debug|Any CPU
		{98CE4753-06D4-4A1E-AA7B-B4C44029899C}.Debug|iPhoneSimulator.ActiveCfg = Debug|Any CPU
		{98CE4753-06D4-4A1E-AA7B-B4C44029899C}.Debug|iPhoneSimulator.Build.0 = Debug|Any CPU
		{98CE4753-06D4-4A1E-AA7B-B4C44029899C}.Release|Any CPU.ActiveCfg = Release|Any CPU
		{98CE4753-06D4-4A1E-AA7B-B4C44029899C}.Release|Any CPU.Build.0 = Release|Any CPU
		{98CE4753-06D4-4A1E-AA7B-B4C44029899C}.Release|iPhone.ActiveCfg = Release|Any CPU
		{98CE4753-06D4-4A1E-AA7B-B4C44029899C}.Release|iPhone.Build.0 = Release|Any CPU
		{98CE4753-06D4-4A1E-AA7B-B4C44029899C}.Release|iPhoneSimulator.ActiveCfg = Release|Any CPU
		{98CE4753-06D4-4A1E-AA7B-B4C44029899C}.Release|iPhoneSimulator.Build.0 = Release|Any CPU
		{89724145-C439-4FEF-8334-BAD6E88FEAF5}.Debug|Any CPU.ActiveCfg = Debug|Any CPU
		{89724145-C439-4FEF-8334-BAD6E88FEAF5}.Debug|Any CPU.Build.0 = Debug|Any CPU
		{89724145-C439-4FEF-8334-BAD6E88FEAF5}.Debug|iPhone.ActiveCfg = Debug|Any CPU
		{89724145-C439-4FEF-8334-BAD6E88FEAF5}.Debug|iPhone.Build.0 = Debug|Any CPU
		{89724145-C439-4FEF-8334-BAD6E88FEAF5}.Debug|iPhoneSimulator.ActiveCfg = Debug|Any CPU
		{89724145-C439-4FEF-8334-BAD6E88FEAF5}.Debug|iPhoneSimulator.Build.0 = Debug|Any CPU
		{89724145-C439-4FEF-8334-BAD6E88FEAF5}.Release|Any CPU.ActiveCfg = Release|Any CPU
		{89724145-C439-4FEF-8334-BAD6E88FEAF5}.Release|Any CPU.Build.0 = Release|Any CPU
		{89724145-C439-4FEF-8334-BAD6E88FEAF5}.Release|iPhone.ActiveCfg = Release|Any CPU
		{89724145-C439-4FEF-8334-BAD6E88FEAF5}.Release|iPhone.Build.0 = Release|Any CPU
		{89724145-C439-4FEF-8334-BAD6E88FEAF5}.Release|iPhoneSimulator.ActiveCfg = Release|Any CPU
		{89724145-C439-4FEF-8334-BAD6E88FEAF5}.Release|iPhoneSimulator.Build.0 = Release|Any CPU
		{786982DF-46A4-41B2-B142-EB53DAD531E7}.Debug|Any CPU.ActiveCfg = Debug|Any CPU
		{786982DF-46A4-41B2-B142-EB53DAD531E7}.Debug|Any CPU.Build.0 = Debug|Any CPU
		{786982DF-46A4-41B2-B142-EB53DAD531E7}.Debug|iPhone.ActiveCfg = Debug|Any CPU
		{786982DF-46A4-41B2-B142-EB53DAD531E7}.Debug|iPhone.Build.0 = Debug|Any CPU
		{786982DF-46A4-41B2-B142-EB53DAD531E7}.Debug|iPhoneSimulator.ActiveCfg = Debug|Any CPU
		{786982DF-46A4-41B2-B142-EB53DAD531E7}.Debug|iPhoneSimulator.Build.0 = Debug|Any CPU
		{786982DF-46A4-41B2-B142-EB53DAD531E7}.Release|Any CPU.ActiveCfg = Release|Any CPU
		{786982DF-46A4-41B2-B142-EB53DAD531E7}.Release|Any CPU.Build.0 = Release|Any CPU
		{786982DF-46A4-41B2-B142-EB53DAD531E7}.Release|iPhone.ActiveCfg = Release|Any CPU
		{786982DF-46A4-41B2-B142-EB53DAD531E7}.Release|iPhone.Build.0 = Release|Any CPU
		{786982DF-46A4-41B2-B142-EB53DAD531E7}.Release|iPhoneSimulator.ActiveCfg = Release|Any CPU
		{786982DF-46A4-41B2-B142-EB53DAD531E7}.Release|iPhoneSimulator.Build.0 = Release|Any CPU
		{1B9BBAF1-AF23-4192-B65C-7A6917076C79}.Debug|Any CPU.ActiveCfg = Debug|Any CPU
		{1B9BBAF1-AF23-4192-B65C-7A6917076C79}.Debug|Any CPU.Build.0 = Debug|Any CPU
		{1B9BBAF1-AF23-4192-B65C-7A6917076C79}.Debug|iPhone.ActiveCfg = Debug|Any CPU
		{1B9BBAF1-AF23-4192-B65C-7A6917076C79}.Debug|iPhone.Build.0 = Debug|Any CPU
		{1B9BBAF1-AF23-4192-B65C-7A6917076C79}.Debug|iPhoneSimulator.ActiveCfg = Debug|Any CPU
		{1B9BBAF1-AF23-4192-B65C-7A6917076C79}.Debug|iPhoneSimulator.Build.0 = Debug|Any CPU
		{1B9BBAF1-AF23-4192-B65C-7A6917076C79}.Release|Any CPU.ActiveCfg = Release|Any CPU
		{1B9BBAF1-AF23-4192-B65C-7A6917076C79}.Release|Any CPU.Build.0 = Release|Any CPU
		{1B9BBAF1-AF23-4192-B65C-7A6917076C79}.Release|iPhone.ActiveCfg = Release|Any CPU
		{1B9BBAF1-AF23-4192-B65C-7A6917076C79}.Release|iPhone.Build.0 = Release|Any CPU
		{1B9BBAF1-AF23-4192-B65C-7A6917076C79}.Release|iPhoneSimulator.ActiveCfg = Release|Any CPU
		{1B9BBAF1-AF23-4192-B65C-7A6917076C79}.Release|iPhoneSimulator.Build.0 = Release|Any CPU
		{74C559DF-9A5C-4FCC-BDF3-D8E34F7B493A}.Debug|Any CPU.ActiveCfg = Debug|Any CPU
		{74C559DF-9A5C-4FCC-BDF3-D8E34F7B493A}.Debug|Any CPU.Build.0 = Debug|Any CPU
		{74C559DF-9A5C-4FCC-BDF3-D8E34F7B493A}.Debug|iPhone.ActiveCfg = Debug|Any CPU
		{74C559DF-9A5C-4FCC-BDF3-D8E34F7B493A}.Debug|iPhone.Build.0 = Debug|Any CPU
		{74C559DF-9A5C-4FCC-BDF3-D8E34F7B493A}.Debug|iPhoneSimulator.ActiveCfg = Debug|Any CPU
		{74C559DF-9A5C-4FCC-BDF3-D8E34F7B493A}.Debug|iPhoneSimulator.Build.0 = Debug|Any CPU
		{74C559DF-9A5C-4FCC-BDF3-D8E34F7B493A}.Release|Any CPU.ActiveCfg = Release|Any CPU
		{74C559DF-9A5C-4FCC-BDF3-D8E34F7B493A}.Release|Any CPU.Build.0 = Release|Any CPU
		{74C559DF-9A5C-4FCC-BDF3-D8E34F7B493A}.Release|iPhone.ActiveCfg = Release|Any CPU
		{74C559DF-9A5C-4FCC-BDF3-D8E34F7B493A}.Release|iPhone.Build.0 = Release|Any CPU
		{74C559DF-9A5C-4FCC-BDF3-D8E34F7B493A}.Release|iPhoneSimulator.ActiveCfg = Release|Any CPU
		{74C559DF-9A5C-4FCC-BDF3-D8E34F7B493A}.Release|iPhoneSimulator.Build.0 = Release|Any CPU
		{F5A45D8C-1056-4778-AC6D-74EFEA76E078}.Debug|Any CPU.ActiveCfg = Debug|Any CPU
		{F5A45D8C-1056-4778-AC6D-74EFEA76E078}.Debug|Any CPU.Build.0 = Debug|Any CPU
		{F5A45D8C-1056-4778-AC6D-74EFEA76E078}.Debug|iPhone.ActiveCfg = Debug|Any CPU
		{F5A45D8C-1056-4778-AC6D-74EFEA76E078}.Debug|iPhone.Build.0 = Debug|Any CPU
		{F5A45D8C-1056-4778-AC6D-74EFEA76E078}.Debug|iPhoneSimulator.ActiveCfg = Debug|Any CPU
		{F5A45D8C-1056-4778-AC6D-74EFEA76E078}.Debug|iPhoneSimulator.Build.0 = Debug|Any CPU
		{F5A45D8C-1056-4778-AC6D-74EFEA76E078}.Release|Any CPU.ActiveCfg = Release|Any CPU
		{F5A45D8C-1056-4778-AC6D-74EFEA76E078}.Release|Any CPU.Build.0 = Release|Any CPU
		{F5A45D8C-1056-4778-AC6D-74EFEA76E078}.Release|iPhone.ActiveCfg = Release|Any CPU
		{F5A45D8C-1056-4778-AC6D-74EFEA76E078}.Release|iPhone.Build.0 = Release|Any CPU
		{F5A45D8C-1056-4778-AC6D-74EFEA76E078}.Release|iPhoneSimulator.ActiveCfg = Release|Any CPU
		{F5A45D8C-1056-4778-AC6D-74EFEA76E078}.Release|iPhoneSimulator.Build.0 = Release|Any CPU
		{47D4CEF4-606C-4266-BD59-D3BAF885B5C2}.Debug|Any CPU.ActiveCfg = Debug|Any CPU
		{47D4CEF4-606C-4266-BD59-D3BAF885B5C2}.Debug|Any CPU.Build.0 = Debug|Any CPU
		{47D4CEF4-606C-4266-BD59-D3BAF885B5C2}.Debug|iPhone.ActiveCfg = Debug|Any CPU
		{47D4CEF4-606C-4266-BD59-D3BAF885B5C2}.Debug|iPhone.Build.0 = Debug|Any CPU
		{47D4CEF4-606C-4266-BD59-D3BAF885B5C2}.Debug|iPhoneSimulator.ActiveCfg = Debug|Any CPU
		{47D4CEF4-606C-4266-BD59-D3BAF885B5C2}.Debug|iPhoneSimulator.Build.0 = Debug|Any CPU
		{47D4CEF4-606C-4266-BD59-D3BAF885B5C2}.Release|Any CPU.ActiveCfg = Release|Any CPU
		{47D4CEF4-606C-4266-BD59-D3BAF885B5C2}.Release|Any CPU.Build.0 = Release|Any CPU
		{47D4CEF4-606C-4266-BD59-D3BAF885B5C2}.Release|iPhone.ActiveCfg = Release|Any CPU
		{47D4CEF4-606C-4266-BD59-D3BAF885B5C2}.Release|iPhone.Build.0 = Release|Any CPU
		{47D4CEF4-606C-4266-BD59-D3BAF885B5C2}.Release|iPhoneSimulator.ActiveCfg = Release|Any CPU
		{47D4CEF4-606C-4266-BD59-D3BAF885B5C2}.Release|iPhoneSimulator.Build.0 = Release|Any CPU
		{5E71C81F-384C-4ADE-A30E-21F0F95176E6}.Debug|Any CPU.ActiveCfg = Debug|Any CPU
		{5E71C81F-384C-4ADE-A30E-21F0F95176E6}.Debug|Any CPU.Build.0 = Debug|Any CPU
		{5E71C81F-384C-4ADE-A30E-21F0F95176E6}.Debug|iPhone.ActiveCfg = Debug|Any CPU
		{5E71C81F-384C-4ADE-A30E-21F0F95176E6}.Debug|iPhone.Build.0 = Debug|Any CPU
		{5E71C81F-384C-4ADE-A30E-21F0F95176E6}.Debug|iPhoneSimulator.ActiveCfg = Debug|Any CPU
		{5E71C81F-384C-4ADE-A30E-21F0F95176E6}.Debug|iPhoneSimulator.Build.0 = Debug|Any CPU
		{5E71C81F-384C-4ADE-A30E-21F0F95176E6}.Release|Any CPU.ActiveCfg = Release|Any CPU
		{5E71C81F-384C-4ADE-A30E-21F0F95176E6}.Release|Any CPU.Build.0 = Release|Any CPU
		{5E71C81F-384C-4ADE-A30E-21F0F95176E6}.Release|iPhone.ActiveCfg = Release|Any CPU
		{5E71C81F-384C-4ADE-A30E-21F0F95176E6}.Release|iPhone.Build.0 = Release|Any CPU
		{5E71C81F-384C-4ADE-A30E-21F0F95176E6}.Release|iPhoneSimulator.ActiveCfg = Release|Any CPU
		{5E71C81F-384C-4ADE-A30E-21F0F95176E6}.Release|iPhoneSimulator.Build.0 = Release|Any CPU
		{E6A7517C-7A8A-414B-90ED-E5B01B92353D}.Debug|Any CPU.ActiveCfg = Debug|Any CPU
		{E6A7517C-7A8A-414B-90ED-E5B01B92353D}.Debug|Any CPU.Build.0 = Debug|Any CPU
		{E6A7517C-7A8A-414B-90ED-E5B01B92353D}.Debug|iPhone.ActiveCfg = Debug|Any CPU
		{E6A7517C-7A8A-414B-90ED-E5B01B92353D}.Debug|iPhone.Build.0 = Debug|Any CPU
		{E6A7517C-7A8A-414B-90ED-E5B01B92353D}.Debug|iPhoneSimulator.ActiveCfg = Debug|Any CPU
		{E6A7517C-7A8A-414B-90ED-E5B01B92353D}.Debug|iPhoneSimulator.Build.0 = Debug|Any CPU
		{E6A7517C-7A8A-414B-90ED-E5B01B92353D}.Release|Any CPU.ActiveCfg = Release|Any CPU
		{E6A7517C-7A8A-414B-90ED-E5B01B92353D}.Release|Any CPU.Build.0 = Release|Any CPU
		{E6A7517C-7A8A-414B-90ED-E5B01B92353D}.Release|iPhone.ActiveCfg = Release|Any CPU
		{E6A7517C-7A8A-414B-90ED-E5B01B92353D}.Release|iPhone.Build.0 = Release|Any CPU
		{E6A7517C-7A8A-414B-90ED-E5B01B92353D}.Release|iPhoneSimulator.ActiveCfg = Release|Any CPU
		{E6A7517C-7A8A-414B-90ED-E5B01B92353D}.Release|iPhoneSimulator.Build.0 = Release|Any CPU
		{8B8A1C47-7BB3-4DA2-989E-2A652A9C9FEB}.Debug|Any CPU.ActiveCfg = Debug|Any CPU
		{8B8A1C47-7BB3-4DA2-989E-2A652A9C9FEB}.Debug|Any CPU.Build.0 = Debug|Any CPU
		{8B8A1C47-7BB3-4DA2-989E-2A652A9C9FEB}.Debug|iPhone.ActiveCfg = Debug|Any CPU
		{8B8A1C47-7BB3-4DA2-989E-2A652A9C9FEB}.Debug|iPhone.Build.0 = Debug|Any CPU
		{8B8A1C47-7BB3-4DA2-989E-2A652A9C9FEB}.Debug|iPhoneSimulator.ActiveCfg = Debug|Any CPU
		{8B8A1C47-7BB3-4DA2-989E-2A652A9C9FEB}.Debug|iPhoneSimulator.Build.0 = Debug|Any CPU
		{8B8A1C47-7BB3-4DA2-989E-2A652A9C9FEB}.Release|Any CPU.ActiveCfg = Release|Any CPU
		{8B8A1C47-7BB3-4DA2-989E-2A652A9C9FEB}.Release|Any CPU.Build.0 = Release|Any CPU
		{8B8A1C47-7BB3-4DA2-989E-2A652A9C9FEB}.Release|iPhone.ActiveCfg = Release|Any CPU
		{8B8A1C47-7BB3-4DA2-989E-2A652A9C9FEB}.Release|iPhone.Build.0 = Release|Any CPU
		{8B8A1C47-7BB3-4DA2-989E-2A652A9C9FEB}.Release|iPhoneSimulator.ActiveCfg = Release|Any CPU
		{8B8A1C47-7BB3-4DA2-989E-2A652A9C9FEB}.Release|iPhoneSimulator.Build.0 = Release|Any CPU
		{0D706AEF-9AC9-4C2F-8CD0-7E125A138F70}.Debug|Any CPU.ActiveCfg = Debug|Any CPU
		{0D706AEF-9AC9-4C2F-8CD0-7E125A138F70}.Debug|Any CPU.Build.0 = Debug|Any CPU
		{0D706AEF-9AC9-4C2F-8CD0-7E125A138F70}.Debug|iPhone.ActiveCfg = Debug|Any CPU
		{0D706AEF-9AC9-4C2F-8CD0-7E125A138F70}.Debug|iPhone.Build.0 = Debug|Any CPU
		{0D706AEF-9AC9-4C2F-8CD0-7E125A138F70}.Debug|iPhoneSimulator.ActiveCfg = Debug|Any CPU
		{0D706AEF-9AC9-4C2F-8CD0-7E125A138F70}.Debug|iPhoneSimulator.Build.0 = Debug|Any CPU
		{0D706AEF-9AC9-4C2F-8CD0-7E125A138F70}.Release|Any CPU.ActiveCfg = Release|Any CPU
		{0D706AEF-9AC9-4C2F-8CD0-7E125A138F70}.Release|Any CPU.Build.0 = Release|Any CPU
		{0D706AEF-9AC9-4C2F-8CD0-7E125A138F70}.Release|iPhone.ActiveCfg = Release|Any CPU
		{0D706AEF-9AC9-4C2F-8CD0-7E125A138F70}.Release|iPhone.Build.0 = Release|Any CPU
		{0D706AEF-9AC9-4C2F-8CD0-7E125A138F70}.Release|iPhoneSimulator.ActiveCfg = Release|Any CPU
		{0D706AEF-9AC9-4C2F-8CD0-7E125A138F70}.Release|iPhoneSimulator.Build.0 = Release|Any CPU
		{423E9FE0-7835-44B5-A334-CA4FF8F215BD}.Debug|Any CPU.ActiveCfg = Debug|Any CPU
		{423E9FE0-7835-44B5-A334-CA4FF8F215BD}.Debug|Any CPU.Build.0 = Debug|Any CPU
		{423E9FE0-7835-44B5-A334-CA4FF8F215BD}.Debug|iPhone.ActiveCfg = Debug|Any CPU
		{423E9FE0-7835-44B5-A334-CA4FF8F215BD}.Debug|iPhone.Build.0 = Debug|Any CPU
		{423E9FE0-7835-44B5-A334-CA4FF8F215BD}.Debug|iPhoneSimulator.ActiveCfg = Debug|Any CPU
		{423E9FE0-7835-44B5-A334-CA4FF8F215BD}.Debug|iPhoneSimulator.Build.0 = Debug|Any CPU
		{423E9FE0-7835-44B5-A334-CA4FF8F215BD}.Release|Any CPU.ActiveCfg = Release|Any CPU
		{423E9FE0-7835-44B5-A334-CA4FF8F215BD}.Release|Any CPU.Build.0 = Release|Any CPU
		{423E9FE0-7835-44B5-A334-CA4FF8F215BD}.Release|iPhone.ActiveCfg = Release|Any CPU
		{423E9FE0-7835-44B5-A334-CA4FF8F215BD}.Release|iPhone.Build.0 = Release|Any CPU
		{423E9FE0-7835-44B5-A334-CA4FF8F215BD}.Release|iPhoneSimulator.ActiveCfg = Release|Any CPU
		{423E9FE0-7835-44B5-A334-CA4FF8F215BD}.Release|iPhoneSimulator.Build.0 = Release|Any CPU
		{777068A6-56FD-47BA-A812-97421FC06BE7}.Debug|Any CPU.ActiveCfg = Debug|Any CPU
		{777068A6-56FD-47BA-A812-97421FC06BE7}.Debug|Any CPU.Build.0 = Debug|Any CPU
		{777068A6-56FD-47BA-A812-97421FC06BE7}.Debug|iPhone.ActiveCfg = Debug|Any CPU
		{777068A6-56FD-47BA-A812-97421FC06BE7}.Debug|iPhone.Build.0 = Debug|Any CPU
		{777068A6-56FD-47BA-A812-97421FC06BE7}.Debug|iPhoneSimulator.ActiveCfg = Debug|Any CPU
		{777068A6-56FD-47BA-A812-97421FC06BE7}.Debug|iPhoneSimulator.Build.0 = Debug|Any CPU
		{777068A6-56FD-47BA-A812-97421FC06BE7}.Release|Any CPU.ActiveCfg = Release|Any CPU
		{777068A6-56FD-47BA-A812-97421FC06BE7}.Release|Any CPU.Build.0 = Release|Any CPU
		{777068A6-56FD-47BA-A812-97421FC06BE7}.Release|iPhone.ActiveCfg = Release|Any CPU
		{777068A6-56FD-47BA-A812-97421FC06BE7}.Release|iPhone.Build.0 = Release|Any CPU
		{777068A6-56FD-47BA-A812-97421FC06BE7}.Release|iPhoneSimulator.ActiveCfg = Release|Any CPU
		{777068A6-56FD-47BA-A812-97421FC06BE7}.Release|iPhoneSimulator.Build.0 = Release|Any CPU
		{B254AAA1-7D82-480A-986E-6F59951EC5F8}.Debug|Any CPU.ActiveCfg = Debug|Any CPU
		{B254AAA1-7D82-480A-986E-6F59951EC5F8}.Debug|Any CPU.Build.0 = Debug|Any CPU
		{B254AAA1-7D82-480A-986E-6F59951EC5F8}.Debug|iPhone.ActiveCfg = Debug|Any CPU
		{B254AAA1-7D82-480A-986E-6F59951EC5F8}.Debug|iPhone.Build.0 = Debug|Any CPU
		{B254AAA1-7D82-480A-986E-6F59951EC5F8}.Debug|iPhoneSimulator.ActiveCfg = Debug|Any CPU
		{B254AAA1-7D82-480A-986E-6F59951EC5F8}.Debug|iPhoneSimulator.Build.0 = Debug|Any CPU
		{B254AAA1-7D82-480A-986E-6F59951EC5F8}.Release|Any CPU.ActiveCfg = Release|Any CPU
		{B254AAA1-7D82-480A-986E-6F59951EC5F8}.Release|Any CPU.Build.0 = Release|Any CPU
		{B254AAA1-7D82-480A-986E-6F59951EC5F8}.Release|iPhone.ActiveCfg = Release|Any CPU
		{B254AAA1-7D82-480A-986E-6F59951EC5F8}.Release|iPhone.Build.0 = Release|Any CPU
		{B254AAA1-7D82-480A-986E-6F59951EC5F8}.Release|iPhoneSimulator.ActiveCfg = Release|Any CPU
		{B254AAA1-7D82-480A-986E-6F59951EC5F8}.Release|iPhoneSimulator.Build.0 = Release|Any CPU
		{4884166C-C2B0-44C9-9A5A-CA26E651FC3C}.Debug|Any CPU.ActiveCfg = Debug|Any CPU
		{4884166C-C2B0-44C9-9A5A-CA26E651FC3C}.Debug|Any CPU.Build.0 = Debug|Any CPU
		{4884166C-C2B0-44C9-9A5A-CA26E651FC3C}.Debug|iPhone.ActiveCfg = Debug|Any CPU
		{4884166C-C2B0-44C9-9A5A-CA26E651FC3C}.Debug|iPhone.Build.0 = Debug|Any CPU
		{4884166C-C2B0-44C9-9A5A-CA26E651FC3C}.Debug|iPhoneSimulator.ActiveCfg = Debug|Any CPU
		{4884166C-C2B0-44C9-9A5A-CA26E651FC3C}.Debug|iPhoneSimulator.Build.0 = Debug|Any CPU
		{4884166C-C2B0-44C9-9A5A-CA26E651FC3C}.Release|Any CPU.ActiveCfg = Release|Any CPU
		{4884166C-C2B0-44C9-9A5A-CA26E651FC3C}.Release|Any CPU.Build.0 = Release|Any CPU
		{4884166C-C2B0-44C9-9A5A-CA26E651FC3C}.Release|iPhone.ActiveCfg = Release|Any CPU
		{4884166C-C2B0-44C9-9A5A-CA26E651FC3C}.Release|iPhone.Build.0 = Release|Any CPU
		{4884166C-C2B0-44C9-9A5A-CA26E651FC3C}.Release|iPhoneSimulator.ActiveCfg = Release|Any CPU
		{4884166C-C2B0-44C9-9A5A-CA26E651FC3C}.Release|iPhoneSimulator.Build.0 = Release|Any CPU
		{BD089910-5BCB-4413-A5DE-3764F69453D3}.Debug|Any CPU.ActiveCfg = Debug|Any CPU
		{BD089910-5BCB-4413-A5DE-3764F69453D3}.Debug|Any CPU.Build.0 = Debug|Any CPU
		{BD089910-5BCB-4413-A5DE-3764F69453D3}.Debug|iPhone.ActiveCfg = Debug|Any CPU
		{BD089910-5BCB-4413-A5DE-3764F69453D3}.Debug|iPhone.Build.0 = Debug|Any CPU
		{BD089910-5BCB-4413-A5DE-3764F69453D3}.Debug|iPhoneSimulator.ActiveCfg = Debug|Any CPU
		{BD089910-5BCB-4413-A5DE-3764F69453D3}.Debug|iPhoneSimulator.Build.0 = Debug|Any CPU
		{BD089910-5BCB-4413-A5DE-3764F69453D3}.Release|Any CPU.ActiveCfg = Release|Any CPU
		{BD089910-5BCB-4413-A5DE-3764F69453D3}.Release|Any CPU.Build.0 = Release|Any CPU
		{BD089910-5BCB-4413-A5DE-3764F69453D3}.Release|iPhone.ActiveCfg = Release|Any CPU
		{BD089910-5BCB-4413-A5DE-3764F69453D3}.Release|iPhone.Build.0 = Release|Any CPU
		{BD089910-5BCB-4413-A5DE-3764F69453D3}.Release|iPhoneSimulator.ActiveCfg = Release|Any CPU
		{BD089910-5BCB-4413-A5DE-3764F69453D3}.Release|iPhoneSimulator.Build.0 = Release|Any CPU
		{C8083D76-D513-4743-B718-2DD2869CCE4D}.Debug|Any CPU.ActiveCfg = Debug|Any CPU
		{C8083D76-D513-4743-B718-2DD2869CCE4D}.Debug|Any CPU.Build.0 = Debug|Any CPU
		{C8083D76-D513-4743-B718-2DD2869CCE4D}.Debug|iPhone.ActiveCfg = Debug|Any CPU
		{C8083D76-D513-4743-B718-2DD2869CCE4D}.Debug|iPhone.Build.0 = Debug|Any CPU
		{C8083D76-D513-4743-B718-2DD2869CCE4D}.Debug|iPhoneSimulator.ActiveCfg = Debug|Any CPU
		{C8083D76-D513-4743-B718-2DD2869CCE4D}.Debug|iPhoneSimulator.Build.0 = Debug|Any CPU
		{C8083D76-D513-4743-B718-2DD2869CCE4D}.Release|Any CPU.ActiveCfg = Release|Any CPU
		{C8083D76-D513-4743-B718-2DD2869CCE4D}.Release|Any CPU.Build.0 = Release|Any CPU
		{C8083D76-D513-4743-B718-2DD2869CCE4D}.Release|iPhone.ActiveCfg = Release|Any CPU
		{C8083D76-D513-4743-B718-2DD2869CCE4D}.Release|iPhone.Build.0 = Release|Any CPU
		{C8083D76-D513-4743-B718-2DD2869CCE4D}.Release|iPhoneSimulator.ActiveCfg = Release|Any CPU
		{C8083D76-D513-4743-B718-2DD2869CCE4D}.Release|iPhoneSimulator.Build.0 = Release|Any CPU
		{F1B72641-925E-434A-8175-A1917D0C863B}.Debug|Any CPU.ActiveCfg = Debug|Any CPU
		{F1B72641-925E-434A-8175-A1917D0C863B}.Debug|Any CPU.Build.0 = Debug|Any CPU
		{F1B72641-925E-434A-8175-A1917D0C863B}.Debug|iPhone.ActiveCfg = Debug|Any CPU
		{F1B72641-925E-434A-8175-A1917D0C863B}.Debug|iPhone.Build.0 = Debug|Any CPU
		{F1B72641-925E-434A-8175-A1917D0C863B}.Debug|iPhoneSimulator.ActiveCfg = Debug|Any CPU
		{F1B72641-925E-434A-8175-A1917D0C863B}.Debug|iPhoneSimulator.Build.0 = Debug|Any CPU
		{F1B72641-925E-434A-8175-A1917D0C863B}.Release|Any CPU.ActiveCfg = Release|Any CPU
		{F1B72641-925E-434A-8175-A1917D0C863B}.Release|Any CPU.Build.0 = Release|Any CPU
		{F1B72641-925E-434A-8175-A1917D0C863B}.Release|iPhone.ActiveCfg = Release|Any CPU
		{F1B72641-925E-434A-8175-A1917D0C863B}.Release|iPhone.Build.0 = Release|Any CPU
		{F1B72641-925E-434A-8175-A1917D0C863B}.Release|iPhoneSimulator.ActiveCfg = Release|Any CPU
		{F1B72641-925E-434A-8175-A1917D0C863B}.Release|iPhoneSimulator.Build.0 = Release|Any CPU
		{6DB50E62-9936-4CAC-B049-3FB417EA755E}.Debug|Any CPU.ActiveCfg = Debug|Any CPU
		{6DB50E62-9936-4CAC-B049-3FB417EA755E}.Debug|Any CPU.Build.0 = Debug|Any CPU
		{6DB50E62-9936-4CAC-B049-3FB417EA755E}.Debug|iPhone.ActiveCfg = Debug|Any CPU
		{6DB50E62-9936-4CAC-B049-3FB417EA755E}.Debug|iPhone.Build.0 = Debug|Any CPU
		{6DB50E62-9936-4CAC-B049-3FB417EA755E}.Debug|iPhoneSimulator.ActiveCfg = Debug|Any CPU
		{6DB50E62-9936-4CAC-B049-3FB417EA755E}.Debug|iPhoneSimulator.Build.0 = Debug|Any CPU
		{6DB50E62-9936-4CAC-B049-3FB417EA755E}.Release|Any CPU.ActiveCfg = Release|Any CPU
		{6DB50E62-9936-4CAC-B049-3FB417EA755E}.Release|Any CPU.Build.0 = Release|Any CPU
		{6DB50E62-9936-4CAC-B049-3FB417EA755E}.Release|iPhone.ActiveCfg = Release|Any CPU
		{6DB50E62-9936-4CAC-B049-3FB417EA755E}.Release|iPhone.Build.0 = Release|Any CPU
		{6DB50E62-9936-4CAC-B049-3FB417EA755E}.Release|iPhoneSimulator.ActiveCfg = Release|Any CPU
		{6DB50E62-9936-4CAC-B049-3FB417EA755E}.Release|iPhoneSimulator.Build.0 = Release|Any CPU
		{43D854EA-08AC-4122-AE20-1403A0F92514}.Debug|Any CPU.ActiveCfg = Debug|Any CPU
		{43D854EA-08AC-4122-AE20-1403A0F92514}.Debug|Any CPU.Build.0 = Debug|Any CPU
		{43D854EA-08AC-4122-AE20-1403A0F92514}.Debug|iPhone.ActiveCfg = Debug|Any CPU
		{43D854EA-08AC-4122-AE20-1403A0F92514}.Debug|iPhone.Build.0 = Debug|Any CPU
		{43D854EA-08AC-4122-AE20-1403A0F92514}.Debug|iPhoneSimulator.ActiveCfg = Debug|Any CPU
		{43D854EA-08AC-4122-AE20-1403A0F92514}.Debug|iPhoneSimulator.Build.0 = Debug|Any CPU
		{43D854EA-08AC-4122-AE20-1403A0F92514}.Release|Any CPU.ActiveCfg = Release|Any CPU
		{43D854EA-08AC-4122-AE20-1403A0F92514}.Release|Any CPU.Build.0 = Release|Any CPU
		{43D854EA-08AC-4122-AE20-1403A0F92514}.Release|iPhone.ActiveCfg = Release|Any CPU
		{43D854EA-08AC-4122-AE20-1403A0F92514}.Release|iPhone.Build.0 = Release|Any CPU
		{43D854EA-08AC-4122-AE20-1403A0F92514}.Release|iPhoneSimulator.ActiveCfg = Release|Any CPU
		{43D854EA-08AC-4122-AE20-1403A0F92514}.Release|iPhoneSimulator.Build.0 = Release|Any CPU
		{3EAB0EFB-4130-4CF4-A045-7D2F5A26255A}.Debug|Any CPU.ActiveCfg = Debug|Any CPU
		{3EAB0EFB-4130-4CF4-A045-7D2F5A26255A}.Debug|Any CPU.Build.0 = Debug|Any CPU
		{3EAB0EFB-4130-4CF4-A045-7D2F5A26255A}.Debug|iPhone.ActiveCfg = Debug|Any CPU
		{3EAB0EFB-4130-4CF4-A045-7D2F5A26255A}.Debug|iPhone.Build.0 = Debug|Any CPU
		{3EAB0EFB-4130-4CF4-A045-7D2F5A26255A}.Debug|iPhoneSimulator.ActiveCfg = Debug|Any CPU
		{3EAB0EFB-4130-4CF4-A045-7D2F5A26255A}.Debug|iPhoneSimulator.Build.0 = Debug|Any CPU
		{3EAB0EFB-4130-4CF4-A045-7D2F5A26255A}.Release|Any CPU.ActiveCfg = Release|Any CPU
		{3EAB0EFB-4130-4CF4-A045-7D2F5A26255A}.Release|Any CPU.Build.0 = Release|Any CPU
		{3EAB0EFB-4130-4CF4-A045-7D2F5A26255A}.Release|iPhone.ActiveCfg = Release|Any CPU
		{3EAB0EFB-4130-4CF4-A045-7D2F5A26255A}.Release|iPhone.Build.0 = Release|Any CPU
		{3EAB0EFB-4130-4CF4-A045-7D2F5A26255A}.Release|iPhoneSimulator.ActiveCfg = Release|Any CPU
		{3EAB0EFB-4130-4CF4-A045-7D2F5A26255A}.Release|iPhoneSimulator.Build.0 = Release|Any CPU
		{6BA1E42D-FDE5-461D-8F4E-5CC4A3299896}.Debug|Any CPU.ActiveCfg = Debug|Any CPU
		{6BA1E42D-FDE5-461D-8F4E-5CC4A3299896}.Debug|Any CPU.Build.0 = Debug|Any CPU
		{6BA1E42D-FDE5-461D-8F4E-5CC4A3299896}.Debug|iPhone.ActiveCfg = Debug|Any CPU
		{6BA1E42D-FDE5-461D-8F4E-5CC4A3299896}.Debug|iPhone.Build.0 = Debug|Any CPU
		{6BA1E42D-FDE5-461D-8F4E-5CC4A3299896}.Debug|iPhoneSimulator.ActiveCfg = Debug|Any CPU
		{6BA1E42D-FDE5-461D-8F4E-5CC4A3299896}.Debug|iPhoneSimulator.Build.0 = Debug|Any CPU
		{6BA1E42D-FDE5-461D-8F4E-5CC4A3299896}.Release|Any CPU.ActiveCfg = Release|Any CPU
		{6BA1E42D-FDE5-461D-8F4E-5CC4A3299896}.Release|Any CPU.Build.0 = Release|Any CPU
		{6BA1E42D-FDE5-461D-8F4E-5CC4A3299896}.Release|iPhone.ActiveCfg = Release|Any CPU
		{6BA1E42D-FDE5-461D-8F4E-5CC4A3299896}.Release|iPhone.Build.0 = Release|Any CPU
		{6BA1E42D-FDE5-461D-8F4E-5CC4A3299896}.Release|iPhoneSimulator.ActiveCfg = Release|Any CPU
		{6BA1E42D-FDE5-461D-8F4E-5CC4A3299896}.Release|iPhoneSimulator.Build.0 = Release|Any CPU
		{73E0ADEC-18CC-42BE-A179-5F0EFB56FC67}.Debug|Any CPU.ActiveCfg = Debug|Any CPU
		{73E0ADEC-18CC-42BE-A179-5F0EFB56FC67}.Debug|Any CPU.Build.0 = Debug|Any CPU
		{73E0ADEC-18CC-42BE-A179-5F0EFB56FC67}.Debug|iPhone.ActiveCfg = Debug|Any CPU
		{73E0ADEC-18CC-42BE-A179-5F0EFB56FC67}.Debug|iPhone.Build.0 = Debug|Any CPU
		{73E0ADEC-18CC-42BE-A179-5F0EFB56FC67}.Debug|iPhoneSimulator.ActiveCfg = Debug|Any CPU
		{73E0ADEC-18CC-42BE-A179-5F0EFB56FC67}.Debug|iPhoneSimulator.Build.0 = Debug|Any CPU
		{73E0ADEC-18CC-42BE-A179-5F0EFB56FC67}.Release|Any CPU.ActiveCfg = Release|Any CPU
		{73E0ADEC-18CC-42BE-A179-5F0EFB56FC67}.Release|Any CPU.Build.0 = Release|Any CPU
		{73E0ADEC-18CC-42BE-A179-5F0EFB56FC67}.Release|iPhone.ActiveCfg = Release|Any CPU
		{73E0ADEC-18CC-42BE-A179-5F0EFB56FC67}.Release|iPhone.Build.0 = Release|Any CPU
		{73E0ADEC-18CC-42BE-A179-5F0EFB56FC67}.Release|iPhoneSimulator.ActiveCfg = Release|Any CPU
		{73E0ADEC-18CC-42BE-A179-5F0EFB56FC67}.Release|iPhoneSimulator.Build.0 = Release|Any CPU
		{B152967E-40CD-4FE3-BCD9-5E5F8845F6F9}.Debug|Any CPU.ActiveCfg = Debug|Any CPU
		{B152967E-40CD-4FE3-BCD9-5E5F8845F6F9}.Debug|Any CPU.Build.0 = Debug|Any CPU
		{B152967E-40CD-4FE3-BCD9-5E5F8845F6F9}.Debug|iPhone.ActiveCfg = Debug|Any CPU
		{B152967E-40CD-4FE3-BCD9-5E5F8845F6F9}.Debug|iPhone.Build.0 = Debug|Any CPU
		{B152967E-40CD-4FE3-BCD9-5E5F8845F6F9}.Debug|iPhoneSimulator.ActiveCfg = Debug|Any CPU
		{B152967E-40CD-4FE3-BCD9-5E5F8845F6F9}.Debug|iPhoneSimulator.Build.0 = Debug|Any CPU
		{B152967E-40CD-4FE3-BCD9-5E5F8845F6F9}.Release|Any CPU.ActiveCfg = Release|Any CPU
		{B152967E-40CD-4FE3-BCD9-5E5F8845F6F9}.Release|Any CPU.Build.0 = Release|Any CPU
		{B152967E-40CD-4FE3-BCD9-5E5F8845F6F9}.Release|iPhone.ActiveCfg = Release|Any CPU
		{B152967E-40CD-4FE3-BCD9-5E5F8845F6F9}.Release|iPhone.Build.0 = Release|Any CPU
		{B152967E-40CD-4FE3-BCD9-5E5F8845F6F9}.Release|iPhoneSimulator.ActiveCfg = Release|Any CPU
		{B152967E-40CD-4FE3-BCD9-5E5F8845F6F9}.Release|iPhoneSimulator.Build.0 = Release|Any CPU
		{CF126778-4789-4E8A-BF53-CEEB9372C6C7}.Debug|Any CPU.ActiveCfg = Debug|Any CPU
		{CF126778-4789-4E8A-BF53-CEEB9372C6C7}.Debug|Any CPU.Build.0 = Debug|Any CPU
		{CF126778-4789-4E8A-BF53-CEEB9372C6C7}.Debug|iPhone.ActiveCfg = Debug|Any CPU
		{CF126778-4789-4E8A-BF53-CEEB9372C6C7}.Debug|iPhone.Build.0 = Debug|Any CPU
		{CF126778-4789-4E8A-BF53-CEEB9372C6C7}.Debug|iPhoneSimulator.ActiveCfg = Debug|Any CPU
		{CF126778-4789-4E8A-BF53-CEEB9372C6C7}.Debug|iPhoneSimulator.Build.0 = Debug|Any CPU
		{CF126778-4789-4E8A-BF53-CEEB9372C6C7}.Release|Any CPU.ActiveCfg = Release|Any CPU
		{CF126778-4789-4E8A-BF53-CEEB9372C6C7}.Release|Any CPU.Build.0 = Release|Any CPU
		{CF126778-4789-4E8A-BF53-CEEB9372C6C7}.Release|iPhone.ActiveCfg = Release|Any CPU
		{CF126778-4789-4E8A-BF53-CEEB9372C6C7}.Release|iPhone.Build.0 = Release|Any CPU
		{CF126778-4789-4E8A-BF53-CEEB9372C6C7}.Release|iPhoneSimulator.ActiveCfg = Release|Any CPU
		{CF126778-4789-4E8A-BF53-CEEB9372C6C7}.Release|iPhoneSimulator.Build.0 = Release|Any CPU
		{8F27896B-1246-4BAB-BC1B-C201F24D6B68}.Debug|Any CPU.ActiveCfg = Debug|Any CPU
		{8F27896B-1246-4BAB-BC1B-C201F24D6B68}.Debug|Any CPU.Build.0 = Debug|Any CPU
		{8F27896B-1246-4BAB-BC1B-C201F24D6B68}.Debug|iPhone.ActiveCfg = Debug|Any CPU
		{8F27896B-1246-4BAB-BC1B-C201F24D6B68}.Debug|iPhone.Build.0 = Debug|Any CPU
		{8F27896B-1246-4BAB-BC1B-C201F24D6B68}.Debug|iPhoneSimulator.ActiveCfg = Debug|Any CPU
		{8F27896B-1246-4BAB-BC1B-C201F24D6B68}.Debug|iPhoneSimulator.Build.0 = Debug|Any CPU
		{8F27896B-1246-4BAB-BC1B-C201F24D6B68}.Release|Any CPU.ActiveCfg = Release|Any CPU
		{8F27896B-1246-4BAB-BC1B-C201F24D6B68}.Release|Any CPU.Build.0 = Release|Any CPU
		{8F27896B-1246-4BAB-BC1B-C201F24D6B68}.Release|iPhone.ActiveCfg = Release|Any CPU
		{8F27896B-1246-4BAB-BC1B-C201F24D6B68}.Release|iPhone.Build.0 = Release|Any CPU
		{8F27896B-1246-4BAB-BC1B-C201F24D6B68}.Release|iPhoneSimulator.ActiveCfg = Release|Any CPU
		{8F27896B-1246-4BAB-BC1B-C201F24D6B68}.Release|iPhoneSimulator.Build.0 = Release|Any CPU
		{A17EEB12-957B-4631-8996-2C4743923F8A}.Debug|Any CPU.ActiveCfg = Debug|Any CPU
		{A17EEB12-957B-4631-8996-2C4743923F8A}.Debug|Any CPU.Build.0 = Debug|Any CPU
		{A17EEB12-957B-4631-8996-2C4743923F8A}.Debug|iPhone.ActiveCfg = Debug|Any CPU
		{A17EEB12-957B-4631-8996-2C4743923F8A}.Debug|iPhone.Build.0 = Debug|Any CPU
		{A17EEB12-957B-4631-8996-2C4743923F8A}.Debug|iPhoneSimulator.ActiveCfg = Debug|Any CPU
		{A17EEB12-957B-4631-8996-2C4743923F8A}.Debug|iPhoneSimulator.Build.0 = Debug|Any CPU
		{A17EEB12-957B-4631-8996-2C4743923F8A}.Release|Any CPU.ActiveCfg = Release|Any CPU
		{A17EEB12-957B-4631-8996-2C4743923F8A}.Release|Any CPU.Build.0 = Release|Any CPU
		{A17EEB12-957B-4631-8996-2C4743923F8A}.Release|iPhone.ActiveCfg = Release|Any CPU
		{A17EEB12-957B-4631-8996-2C4743923F8A}.Release|iPhone.Build.0 = Release|Any CPU
		{A17EEB12-957B-4631-8996-2C4743923F8A}.Release|iPhoneSimulator.ActiveCfg = Release|Any CPU
		{A17EEB12-957B-4631-8996-2C4743923F8A}.Release|iPhoneSimulator.Build.0 = Release|Any CPU
	EndGlobalSection
	GlobalSection(SolutionProperties) = preSolution
		HideSolutionNode = FALSE
	EndGlobalSection
	GlobalSection(NestedProjects) = preSolution
		{56E9F989-C37D-4381-AD7E-4C041DC2F240} = {8054B6C0-6C7A-4E6F-AEF6-18D0C939E876}
		{2BBC5F05-C437-4116-9EAA-ACA02BE07F2A} = {8054B6C0-6C7A-4E6F-AEF6-18D0C939E876}
		{797CFC9C-5C94-43B9-9C3F-3E010E75862C} = {56E9F989-C37D-4381-AD7E-4C041DC2F240}
		{42F77FD7-FDB2-4C8B-8604-D1B48F421C56} = {56E9F989-C37D-4381-AD7E-4C041DC2F240}
		{8AE2F9E1-89A3-4BB5-92CC-905DAC67D240} = {56E9F989-C37D-4381-AD7E-4C041DC2F240}
		{53D93492-ED00-492C-B1D2-2BE6D99E1648} = {56E9F989-C37D-4381-AD7E-4C041DC2F240}
		{24310765-009E-4D99-B2D1-BF73181C33B6} = {8054B6C0-6C7A-4E6F-AEF6-18D0C939E876}
		{DC382A9C-0461-4738-ACE9-98D22F2AC348} = {8054B6C0-6C7A-4E6F-AEF6-18D0C939E876}
		{BDBC2248-F7CE-434A-B9C2-371392A97C7D} = {DC382A9C-0461-4738-ACE9-98D22F2AC348}
		{0F91EDBD-6667-4FAF-BDEF-628038DB0AA2} = {DC382A9C-0461-4738-ACE9-98D22F2AC348}
		{846E44F8-13AA-4074-9D1C-A0524E68F81B} = {DC382A9C-0461-4738-ACE9-98D22F2AC348}
		{28CC4671-0A58-431C-9F0A-C0921A1B753F} = {DC382A9C-0461-4738-ACE9-98D22F2AC348}
		{27303B27-DB67-4C70-9956-134E20F3B938} = {DC382A9C-0461-4738-ACE9-98D22F2AC348}
		{44994A7E-9DC7-4D51-9256-6BFBFB6D53B9} = {8054B6C0-6C7A-4E6F-AEF6-18D0C939E876}
		{D7FB1526-FA97-4A92-8AE7-AAA79FF9B0FD} = {44994A7E-9DC7-4D51-9256-6BFBFB6D53B9}
		{030C3A3D-E6F8-4347-9E2E-0AD0DD72EE95} = {44994A7E-9DC7-4D51-9256-6BFBFB6D53B9}
		{311BDB6D-6321-46C5-90C4-D1628465AB4B} = {44994A7E-9DC7-4D51-9256-6BFBFB6D53B9}
		{AAD1619B-2360-4C2E-B230-2CF4EE358104} = {56E9F989-C37D-4381-AD7E-4C041DC2F240}
		{A68F37C1-34E9-494C-A69A-0485D9EEBE4D} = {8054B6C0-6C7A-4E6F-AEF6-18D0C939E876}
		{E792A10B-8DF3-493B-9661-EB464349C8A3} = {8054B6C0-6C7A-4E6F-AEF6-18D0C939E876}
		{876A99A7-7A44-48C9-9AE9-9E2159CF5C98} = {E792A10B-8DF3-493B-9661-EB464349C8A3}
		{F596CF90-6FD5-405E-802E-E38DEC50431A} = {E792A10B-8DF3-493B-9661-EB464349C8A3}
		{C2B4BF9C-9415-488F-87E3-BDBA093301D8} = {E792A10B-8DF3-493B-9661-EB464349C8A3}
		{B394E240-410E-4636-BF41-29D231346235} = {56E9F989-C37D-4381-AD7E-4C041DC2F240}
		{C0D3237E-B265-4627-9D04-0B3351FD975A} = {E792A10B-8DF3-493B-9661-EB464349C8A3}
		{C0A112C0-B865-4F81-B80D-E77326F2B205} = {56E9F989-C37D-4381-AD7E-4C041DC2F240}
		{DA13688F-6DC8-49C7-9D0D-246B671237F2} = {DC382A9C-0461-4738-ACE9-98D22F2AC348}
		{B48F34FE-E65D-4F93-8C33-E25C56832B4E} = {8054B6C0-6C7A-4E6F-AEF6-18D0C939E876}
		{5D942223-9D52-4C0B-8973-6C22A02D9A2E} = {B48F34FE-E65D-4F93-8C33-E25C56832B4E}
		{B4EF7159-BD44-4A7E-BF9F-9561B5CA0C43} = {B48F34FE-E65D-4F93-8C33-E25C56832B4E}
		{943793FF-0DB2-4B70-879F-7EBF6C425759} = {5D942223-9D52-4C0B-8973-6C22A02D9A2E}
		{4F16DBE9-F2C0-4283-A0EB-26AEF9CB41FB} = {5D942223-9D52-4C0B-8973-6C22A02D9A2E}
		{6943C6B1-3EA8-4582-8CD2-EC76D900D373} = {5D942223-9D52-4C0B-8973-6C22A02D9A2E}
		{8FA75A51-A3BF-4ADD-A256-FFC889D02582} = {5D942223-9D52-4C0B-8973-6C22A02D9A2E}
		{C947A847-0107-42CA-A2A6-AC64EC83164D} = {5D942223-9D52-4C0B-8973-6C22A02D9A2E}
		{17676C87-41CF-4F9D-A91E-F8EA2DB3BB64} = {5D942223-9D52-4C0B-8973-6C22A02D9A2E}
		{AF1A67E5-9371-4B25-B742-4BE3036FA130} = {B4EF7159-BD44-4A7E-BF9F-9561B5CA0C43}
		{648335FD-0D7B-43C8-9459-CC542A71BFF4} = {B4EF7159-BD44-4A7E-BF9F-9561B5CA0C43}
		{75EACA72-B282-41F6-8A85-57B5712A983F} = {B4EF7159-BD44-4A7E-BF9F-9561B5CA0C43}
		{49C6C85C-2295-44E6-8A09-555C64C7F95A} = {B4EF7159-BD44-4A7E-BF9F-9561B5CA0C43}
		{979E5964-63F7-49AC-B56F-81E14150B191} = {B48F34FE-E65D-4F93-8C33-E25C56832B4E}
		{A9AF7330-3685-4AFD-B5E2-920961099849} = {B48F34FE-E65D-4F93-8C33-E25C56832B4E}
		{D640D4C2-0F23-43DA-9189-1C40F8A5895B} = {B48F34FE-E65D-4F93-8C33-E25C56832B4E}
		{ED816AA8-2FF6-4C22-9845-71B099A15763} = {B48F34FE-E65D-4F93-8C33-E25C56832B4E}
		{0EFB31F8-2BEE-4FBB-AC2D-B9493BE289E5} = {B48F34FE-E65D-4F93-8C33-E25C56832B4E}
		{E09DE548-EA15-4429-8D12-AEFB826EE64D} = {B48F34FE-E65D-4F93-8C33-E25C56832B4E}
		{0C67D98C-8B2A-45F7-9F96-D695F343C37E} = {B48F34FE-E65D-4F93-8C33-E25C56832B4E}
		{88579DE7-C9CA-46D6-B9CC-9C33E5E70AD0} = {B48F34FE-E65D-4F93-8C33-E25C56832B4E}
		{F1BEF971-553A-4FE0-A691-1DAB5CF5D368} = {B48F34FE-E65D-4F93-8C33-E25C56832B4E}
		{7D2D1B19-B4DF-4D1F-AFFA-68FFF3C1F51C} = {B48F34FE-E65D-4F93-8C33-E25C56832B4E}
		{394D4980-A7D0-4F52-BA87-9AC757074A24} = {B48F34FE-E65D-4F93-8C33-E25C56832B4E}
		{58CE7995-8B5C-4F23-94C9-636DCEB3F5F7} = {B48F34FE-E65D-4F93-8C33-E25C56832B4E}
		{4EDE2DAF-0D8A-4914-A5E1-7C8CC93BE3D9} = {B48F34FE-E65D-4F93-8C33-E25C56832B4E}
		{98CE4753-06D4-4A1E-AA7B-B4C44029899C} = {4EDE2DAF-0D8A-4914-A5E1-7C8CC93BE3D9}
		{89724145-C439-4FEF-8334-BAD6E88FEAF5} = {4EDE2DAF-0D8A-4914-A5E1-7C8CC93BE3D9}
		{786982DF-46A4-41B2-B142-EB53DAD531E7} = {4EDE2DAF-0D8A-4914-A5E1-7C8CC93BE3D9}
		{1B9BBAF1-AF23-4192-B65C-7A6917076C79} = {B48F34FE-E65D-4F93-8C33-E25C56832B4E}
		{74C559DF-9A5C-4FCC-BDF3-D8E34F7B493A} = {B4EF7159-BD44-4A7E-BF9F-9561B5CA0C43}
		{F5A45D8C-1056-4778-AC6D-74EFEA76E078} = {DC382A9C-0461-4738-ACE9-98D22F2AC348}
		{47D4CEF4-606C-4266-BD59-D3BAF885B5C2} = {B48F34FE-E65D-4F93-8C33-E25C56832B4E}
		{5E71C81F-384C-4ADE-A30E-21F0F95176E6} = {C0A112C0-B865-4F81-B80D-E77326F2B205}
		{E6A7517C-7A8A-414B-90ED-E5B01B92353D} = {C0A112C0-B865-4F81-B80D-E77326F2B205}
		{8B8A1C47-7BB3-4DA2-989E-2A652A9C9FEB} = {C0A112C0-B865-4F81-B80D-E77326F2B205}
		{0D706AEF-9AC9-4C2F-8CD0-7E125A138F70} = {C0A112C0-B865-4F81-B80D-E77326F2B205}
		{423E9FE0-7835-44B5-A334-CA4FF8F215BD} = {DC382A9C-0461-4738-ACE9-98D22F2AC348}
		{777068A6-56FD-47BA-A812-97421FC06BE7} = {DC382A9C-0461-4738-ACE9-98D22F2AC348}
		{B254AAA1-7D82-480A-986E-6F59951EC5F8} = {56E9F989-C37D-4381-AD7E-4C041DC2F240}
		{4884166C-C2B0-44C9-9A5A-CA26E651FC3C} = {56E9F989-C37D-4381-AD7E-4C041DC2F240}
		{BD089910-5BCB-4413-A5DE-3764F69453D3} = {56E9F989-C37D-4381-AD7E-4C041DC2F240}
		{C8083D76-D513-4743-B718-2DD2869CCE4D} = {56E9F989-C37D-4381-AD7E-4C041DC2F240}
		{F1B72641-925E-434A-8175-A1917D0C863B} = {56E9F989-C37D-4381-AD7E-4C041DC2F240}
		{6DB50E62-9936-4CAC-B049-3FB417EA755E} = {56E9F989-C37D-4381-AD7E-4C041DC2F240}
		{43D854EA-08AC-4122-AE20-1403A0F92514} = {56E9F989-C37D-4381-AD7E-4C041DC2F240}
		{3EAB0EFB-4130-4CF4-A045-7D2F5A26255A} = {56E9F989-C37D-4381-AD7E-4C041DC2F240}
		{6BA1E42D-FDE5-461D-8F4E-5CC4A3299896} = {56E9F989-C37D-4381-AD7E-4C041DC2F240}
		{73E0ADEC-18CC-42BE-A179-5F0EFB56FC67} = {B4EF7159-BD44-4A7E-BF9F-9561B5CA0C43}
		{B152967E-40CD-4FE3-BCD9-5E5F8845F6F9} = {E792A10B-8DF3-493B-9661-EB464349C8A3}
		{CF126778-4789-4E8A-BF53-CEEB9372C6C7} = {56E9F989-C37D-4381-AD7E-4C041DC2F240}
		{8F27896B-1246-4BAB-BC1B-C201F24D6B68} = {DC382A9C-0461-4738-ACE9-98D22F2AC348}
		{A17EEB12-957B-4631-8996-2C4743923F8A} = {DC382A9C-0461-4738-ACE9-98D22F2AC348}
	EndGlobalSection
	GlobalSection(ExtensibilityGlobals) = postSolution
		SolutionGuid = {8A04AF12-C6E9-439F-A90D-AE2262EA4F3E}
	EndGlobalSection
EndGlobal
